// !$*UTF8*$!
{
	archiveVersion = 1;
	classes = {
	};
	objectVersion = 46;
	objects = {

/* Begin PBXBuildFile section */
		360B1187166459691682DDE6 /* Pods_TabBarTransitionsExample.framework in Frameworks */ = {isa = PBXBuildFile; fileRef = 7247B6FF3A484DCF10C049B6 /* Pods_TabBarTransitionsExample.framework */; };
		BA39129D1E43388A00F737D3 /* Convenience.swift in Sources */ = {isa = PBXBuildFile; fileRef = BA39129C1E43388A00F737D3 /* Convenience.swift */; };
		BA3C87661E4223C600C37AE9 /* AppDelegate.swift in Sources */ = {isa = PBXBuildFile; fileRef = BA3C87651E4223C600C37AE9 /* AppDelegate.swift */; };
		BA3C876F1E4223C600C37AE9 /* Assets.xcassets in Resources */ = {isa = PBXBuildFile; fileRef = BA3C876E1E4223C600C37AE9 /* Assets.xcassets */; };
		BA3C87721E4223C600C37AE9 /* LaunchScreen.storyboard in Resources */ = {isa = PBXBuildFile; fileRef = BA3C87701E4223C600C37AE9 /* LaunchScreen.storyboard */; };
		BA3C87861E422F4300C37AE9 /* TabBarTransitions.swift in Sources */ = {isa = PBXBuildFile; fileRef = BA3C87851E422F4300C37AE9 /* TabBarTransitions.swift */; };
		BA3C878B1E42332E00C37AE9 /* ShapeTransitionAnimation.swift in Sources */ = {isa = PBXBuildFile; fileRef = BA3C878A1E42332E00C37AE9 /* ShapeTransitionAnimation.swift */; };
		BA3C878D1E4247E000C37AE9 /* ViewController.swift in Sources */ = {isa = PBXBuildFile; fileRef = BA3C878C1E4247E000C37AE9 /* ViewController.swift */; };
		BAE5767E1E5EDA3F00E8ABC3 /* TransitionStyle.swift in Sources */ = {isa = PBXBuildFile; fileRef = BAE5767D1E5EDA3F00E8ABC3 /* TransitionStyle.swift */; };
/* End PBXBuildFile section */

/* Begin PBXFileReference section */
		2F18EB2086202F85B2844552 /* Pods-TabBarTransitionsExample.debug.xcconfig */ = {isa = PBXFileReference; includeInIndex = 1; lastKnownFileType = text.xcconfig; name = "Pods-TabBarTransitionsExample.debug.xcconfig"; path = "Pods/Target Support Files/Pods-TabBarTransitionsExample/Pods-TabBarTransitionsExample.debug.xcconfig"; sourceTree = "<group>"; };
		56ED30FDF5F8B956911C213D /* Pods-TabBarTransitionsExample.release.xcconfig */ = {isa = PBXFileReference; includeInIndex = 1; lastKnownFileType = text.xcconfig; name = "Pods-TabBarTransitionsExample.release.xcconfig"; path = "Pods/Target Support Files/Pods-TabBarTransitionsExample/Pods-TabBarTransitionsExample.release.xcconfig"; sourceTree = "<group>"; };
		7247B6FF3A484DCF10C049B6 /* Pods_TabBarTransitionsExample.framework */ = {isa = PBXFileReference; explicitFileType = wrapper.framework; includeInIndex = 0; path = Pods_TabBarTransitionsExample.framework; sourceTree = BUILT_PRODUCTS_DIR; };
		BA39129C1E43388A00F737D3 /* Convenience.swift */ = {isa = PBXFileReference; fileEncoding = 4; lastKnownFileType = sourcecode.swift; path = Convenience.swift; sourceTree = "<group>"; };
		BA3912C81E4346B300F737D3 /* README.md */ = {isa = PBXFileReference; lastKnownFileType = net.daringfireball.markdown; path = README.md; sourceTree = "<group>"; };
		BA3C87621E4223C600C37AE9 /* TabBarTransitionsExample.app */ = {isa = PBXFileReference; explicitFileType = wrapper.application; includeInIndex = 0; path = TabBarTransitionsExample.app; sourceTree = BUILT_PRODUCTS_DIR; };
		BA3C87651E4223C600C37AE9 /* AppDelegate.swift */ = {isa = PBXFileReference; lastKnownFileType = sourcecode.swift; path = AppDelegate.swift; sourceTree = "<group>"; };
		BA3C876E1E4223C600C37AE9 /* Assets.xcassets */ = {isa = PBXFileReference; lastKnownFileType = folder.assetcatalog; path = Assets.xcassets; sourceTree = "<group>"; };
		BA3C87711E4223C600C37AE9 /* Base */ = {isa = PBXFileReference; lastKnownFileType = file.storyboard; name = Base; path = Base.lproj/LaunchScreen.storyboard; sourceTree = "<group>"; };
		BA3C87731E4223C600C37AE9 /* Info.plist */ = {isa = PBXFileReference; lastKnownFileType = text.plist.xml; path = Info.plist; sourceTree = "<group>"; };
		BA3C87851E422F4300C37AE9 /* TabBarTransitions.swift */ = {isa = PBXFileReference; fileEncoding = 4; lastKnownFileType = sourcecode.swift; path = TabBarTransitions.swift; sourceTree = "<group>"; };
		BA3C878A1E42332E00C37AE9 /* ShapeTransitionAnimation.swift */ = {isa = PBXFileReference; fileEncoding = 4; lastKnownFileType = sourcecode.swift; path = ShapeTransitionAnimation.swift; sourceTree = "<group>"; };
		BA3C878C1E4247E000C37AE9 /* ViewController.swift */ = {isa = PBXFileReference; fileEncoding = 4; lastKnownFileType = sourcecode.swift; path = ViewController.swift; sourceTree = "<group>"; };
		BAE5767D1E5EDA3F00E8ABC3 /* TransitionStyle.swift */ = {isa = PBXFileReference; fileEncoding = 4; lastKnownFileType = sourcecode.swift; path = TransitionStyle.swift; sourceTree = "<group>"; };
/* End PBXFileReference section */

/* Begin PBXFrameworksBuildPhase section */
		BA3C875F1E4223C600C37AE9 /* Frameworks */ = {
			isa = PBXFrameworksBuildPhase;
			buildActionMask = 2147483647;
			files = (
				360B1187166459691682DDE6 /* Pods_TabBarTransitionsExample.framework in Frameworks */,
			);
			runOnlyForDeploymentPostprocessing = 0;
		};
/* End PBXFrameworksBuildPhase section */

/* Begin PBXGroup section */
		080B5F5740716EB3DA5EB973 /* Frameworks */ = {
			isa = PBXGroup;
			children = (
				7247B6FF3A484DCF10C049B6 /* Pods_TabBarTransitionsExample.framework */,
			);
			name = Frameworks;
			sourceTree = "<group>";
		};
		6878CDD258D3FAA78E2F870F /* Pods */ = {
			isa = PBXGroup;
			children = (
				2F18EB2086202F85B2844552 /* Pods-TabBarTransitionsExample.debug.xcconfig */,
				56ED30FDF5F8B956911C213D /* Pods-TabBarTransitionsExample.release.xcconfig */,
			);
			name = Pods;
			sourceTree = "<group>";
		};
		BA3C87591E4223C600C37AE9 = {
			isa = PBXGroup;
			children = (
				BA3912C81E4346B300F737D3 /* README.md */,
				BA3C87641E4223C600C37AE9 /* TabBarTransitionsExample */,
				BA3C87631E4223C600C37AE9 /* Products */,
				6878CDD258D3FAA78E2F870F /* Pods */,
				080B5F5740716EB3DA5EB973 /* Frameworks */,
			);
			sourceTree = "<group>";
		};
		BA3C87631E4223C600C37AE9 /* Products */ = {
			isa = PBXGroup;
			children = (
				BA3C87621E4223C600C37AE9 /* TabBarTransitionsExample.app */,
			);
			name = Products;
			sourceTree = "<group>";
		};
		BA3C87641E4223C600C37AE9 /* TabBarTransitionsExample */ = {
			isa = PBXGroup;
			children = (
				BA3C87651E4223C600C37AE9 /* AppDelegate.swift */,
				BA3C878C1E4247E000C37AE9 /* ViewController.swift */,
				BAE5767D1E5EDA3F00E8ABC3 /* TransitionStyle.swift */,
				BA3C87841E422F2E00C37AE9 /* Transitioning */,
				BAE5767F1E5EDA4500E8ABC3 /* Resources */,
			);
			path = TabBarTransitionsExample;
			sourceTree = "<group>";
		};
		BA3C87841E422F2E00C37AE9 /* Transitioning */ = {
			isa = PBXGroup;
			children = (
				BA3C87851E422F4300C37AE9 /* TabBarTransitions.swift */,
				BA39129C1E43388A00F737D3 /* Convenience.swift */,
				BA3C87891E42332E00C37AE9 /* Transitions */,
			);
			path = Transitioning;
			sourceTree = "<group>";
		};
		BA3C87891E42332E00C37AE9 /* Transitions */ = {
			isa = PBXGroup;
			children = (
				BA3C878A1E42332E00C37AE9 /* ShapeTransitionAnimation.swift */,
			);
			path = Transitions;
			sourceTree = "<group>";
		};
		BAE5767F1E5EDA4500E8ABC3 /* Resources */ = {
			isa = PBXGroup;
			children = (
				BA3C87701E4223C600C37AE9 /* LaunchScreen.storyboard */,
				BA3C876E1E4223C600C37AE9 /* Assets.xcassets */,
				BA3C87731E4223C600C37AE9 /* Info.plist */,
			);
			name = Resources;
			sourceTree = "<group>";
		};
/* End PBXGroup section */

/* Begin PBXNativeTarget section */
		BA3C87611E4223C600C37AE9 /* TabBarTransitionsExample */ = {
			isa = PBXNativeTarget;
			buildConfigurationList = BA3C87761E4223C600C37AE9 /* Build configuration list for PBXNativeTarget "TabBarTransitionsExample" */;
			buildPhases = (
				46F38C12C516C94773FE5654 /* [CP] Check Pods Manifest.lock */,
				BA3C875E1E4223C600C37AE9 /* Sources */,
				BA3C875F1E4223C600C37AE9 /* Frameworks */,
				BA3C87601E4223C600C37AE9 /* Resources */,
				AE9CB77280C541658525F9D7 /* [CP] Embed Pods Frameworks */,
				EC8D2B6C6472089A6B237F27 /* [CP] Copy Pods Resources */,
			);
			buildRules = (
			);
			dependencies = (
			);
			name = TabBarTransitionsExample;
			productName = TabBarTransitionsExample;
			productReference = BA3C87621E4223C600C37AE9 /* TabBarTransitionsExample.app */;
			productType = "com.apple.product-type.application";
		};
/* End PBXNativeTarget section */

/* Begin PBXProject section */
		BA3C875A1E4223C600C37AE9 /* Project object */ = {
			isa = PBXProject;
			attributes = {
				LastSwiftUpdateCheck = 0820;
				LastUpgradeCheck = 0820;
				ORGANIZATIONNAME = Touchwonders;
				TargetAttributes = {
					BA3C87611E4223C600C37AE9 = {
						CreatedOnToolsVersion = 8.2.1;
						DevelopmentTeam = LQ449R4NTB;
						ProvisioningStyle = Automatic;
					};
				};
			};
			buildConfigurationList = BA3C875D1E4223C600C37AE9 /* Build configuration list for PBXProject "TabBarTransitionsExample" */;
			compatibilityVersion = "Xcode 3.2";
			developmentRegion = English;
			hasScannedForEncodings = 0;
			knownRegions = (
				en,
				Base,
			);
			mainGroup = BA3C87591E4223C600C37AE9;
			productRefGroup = BA3C87631E4223C600C37AE9 /* Products */;
			projectDirPath = "";
			projectRoot = "";
			targets = (
				BA3C87611E4223C600C37AE9 /* TabBarTransitionsExample */,
			);
		};
/* End PBXProject section */

/* Begin PBXResourcesBuildPhase section */
		BA3C87601E4223C600C37AE9 /* Resources */ = {
			isa = PBXResourcesBuildPhase;
			buildActionMask = 2147483647;
			files = (
				BA3C87721E4223C600C37AE9 /* LaunchScreen.storyboard in Resources */,
				BA3C876F1E4223C600C37AE9 /* Assets.xcassets in Resources */,
			);
			runOnlyForDeploymentPostprocessing = 0;
		};
/* End PBXResourcesBuildPhase section */

/* Begin PBXShellScriptBuildPhase section */
		46F38C12C516C94773FE5654 /* [CP] Check Pods Manifest.lock */ = {
			isa = PBXShellScriptBuildPhase;
			buildActionMask = 2147483647;
			files = (
			);
			inputPaths = (
				"${PODS_PODFILE_DIR_PATH}/Podfile.lock",
				"${PODS_ROOT}/Manifest.lock",
			);
			name = "[CP] Check Pods Manifest.lock";
			outputPaths = (
				"$(DERIVED_FILE_DIR)/Pods-TabBarTransitionsExample-checkManifestLockResult.txt",
			);
			runOnlyForDeploymentPostprocessing = 0;
			shellPath = /bin/sh;
			shellScript = "diff \"${PODS_PODFILE_DIR_PATH}/Podfile.lock\" \"${PODS_ROOT}/Manifest.lock\" > /dev/null\nif [ $? != 0 ] ; then\n    # print error to STDERR\n    echo \"error: The sandbox is not in sync with the Podfile.lock. Run 'pod install' or update your CocoaPods installation.\" >&2\n    exit 1\nfi\n# This output is used by Xcode 'outputs' to avoid re-running this script phase.\necho \"SUCCESS\" > \"${SCRIPT_OUTPUT_FILE_0}\"\n";
			showEnvVarsInLog = 0;
		};
		AE9CB77280C541658525F9D7 /* [CP] Embed Pods Frameworks */ = {
			isa = PBXShellScriptBuildPhase;
			buildActionMask = 2147483647;
			files = (
			);
			inputPaths = (
				"${SRCROOT}/Pods/Target Support Files/Pods-TabBarTransitionsExample/Pods-TabBarTransitionsExample-frameworks.sh",
				"${BUILT_PRODUCTS_DIR}/Transition/Transition.framework",
			);
			name = "[CP] Embed Pods Frameworks";
			outputPaths = (
				"${TARGET_BUILD_DIR}/${FRAMEWORKS_FOLDER_PATH}/Transition.framework",
			);
			runOnlyForDeploymentPostprocessing = 0;
			shellPath = /bin/sh;
			shellScript = "\"${SRCROOT}/Pods/Target Support Files/Pods-TabBarTransitionsExample/Pods-TabBarTransitionsExample-frameworks.sh\"\n";
			showEnvVarsInLog = 0;
		};
		EC8D2B6C6472089A6B237F27 /* [CP] Copy Pods Resources */ = {
			isa = PBXShellScriptBuildPhase;
			buildActionMask = 2147483647;
			files = (
			);
			inputPaths = (
			);
			name = "[CP] Copy Pods Resources";
			outputPaths = (
			);
			runOnlyForDeploymentPostprocessing = 0;
			shellPath = /bin/sh;
			shellScript = "\"${SRCROOT}/Pods/Target Support Files/Pods-TabBarTransitionsExample/Pods-TabBarTransitionsExample-resources.sh\"\n";
			showEnvVarsInLog = 0;
		};
/* End PBXShellScriptBuildPhase section */

/* Begin PBXSourcesBuildPhase section */
		BA3C875E1E4223C600C37AE9 /* Sources */ = {
			isa = PBXSourcesBuildPhase;
			buildActionMask = 2147483647;
			files = (
				BA3C878D1E4247E000C37AE9 /* ViewController.swift in Sources */,
				BA39129D1E43388A00F737D3 /* Convenience.swift in Sources */,
				BA3C87861E422F4300C37AE9 /* TabBarTransitions.swift in Sources */,
				BA3C87661E4223C600C37AE9 /* AppDelegate.swift in Sources */,
				BAE5767E1E5EDA3F00E8ABC3 /* TransitionStyle.swift in Sources */,
				BA3C878B1E42332E00C37AE9 /* ShapeTransitionAnimation.swift in Sources */,
			);
			runOnlyForDeploymentPostprocessing = 0;
		};
/* End PBXSourcesBuildPhase section */

/* Begin PBXVariantGroup section */
		BA3C87701E4223C600C37AE9 /* LaunchScreen.storyboard */ = {
			isa = PBXVariantGroup;
			children = (
				BA3C87711E4223C600C37AE9 /* Base */,
			);
			name = LaunchScreen.storyboard;
			sourceTree = "<group>";
		};
/* End PBXVariantGroup section */

/* Begin XCBuildConfiguration section */
		BA3C87741E4223C600C37AE9 /* Debug */ = {
			isa = XCBuildConfiguration;
			buildSettings = {
				ALWAYS_SEARCH_USER_PATHS = NO;
				CLANG_ANALYZER_NONNULL = YES;
				CLANG_CXX_LANGUAGE_STANDARD = "gnu++0x";
				CLANG_CXX_LIBRARY = "libc++";
				CLANG_ENABLE_MODULES = YES;
				CLANG_ENABLE_OBJC_ARC = YES;
				CLANG_WARN_BOOL_CONVERSION = YES;
				CLANG_WARN_CONSTANT_CONVERSION = YES;
				CLANG_WARN_DIRECT_OBJC_ISA_USAGE = YES_ERROR;
				CLANG_WARN_DOCUMENTATION_COMMENTS = YES;
				CLANG_WARN_EMPTY_BODY = YES;
				CLANG_WARN_ENUM_CONVERSION = YES;
				CLANG_WARN_INFINITE_RECURSION = YES;
				CLANG_WARN_INT_CONVERSION = YES;
				CLANG_WARN_OBJC_ROOT_CLASS = YES_ERROR;
				CLANG_WARN_SUSPICIOUS_MOVE = YES;
				CLANG_WARN_UNREACHABLE_CODE = YES;
				CLANG_WARN__DUPLICATE_METHOD_MATCH = YES;
				COPY_PHASE_STRIP = NO;
				DEBUG_INFORMATION_FORMAT = dwarf;
				ENABLE_STRICT_OBJC_MSGSEND = YES;
				ENABLE_TESTABILITY = YES;
				GCC_C_LANGUAGE_STANDARD = gnu99;
				GCC_DYNAMIC_NO_PIC = NO;
				GCC_NO_COMMON_BLOCKS = YES;
				GCC_OPTIMIZATION_LEVEL = 0;
				GCC_PREPROCESSOR_DEFINITIONS = (
					"DEBUG=1",
					"$(inherited)",
				);
				GCC_WARN_64_TO_32_BIT_CONVERSION = YES;
				GCC_WARN_ABOUT_RETURN_TYPE = YES_ERROR;
				GCC_WARN_UNDECLARED_SELECTOR = YES;
				GCC_WARN_UNINITIALIZED_AUTOS = YES_AGGRESSIVE;
				GCC_WARN_UNUSED_FUNCTION = YES;
				GCC_WARN_UNUSED_VARIABLE = YES;
				IPHONEOS_DEPLOYMENT_TARGET = 10.2;
				MTL_ENABLE_DEBUG_INFO = YES;
				ONLY_ACTIVE_ARCH = YES;
				SDKROOT = iphoneos;
				SWIFT_ACTIVE_COMPILATION_CONDITIONS = DEBUG;
				SWIFT_OPTIMIZATION_LEVEL = "-Onone";
				TARGETED_DEVICE_FAMILY = "1,2";
			};
			name = Debug;
		};
		BA3C87751E4223C600C37AE9 /* Release */ = {
			isa = XCBuildConfiguration;
			buildSettings = {
				ALWAYS_SEARCH_USER_PATHS = NO;
				CLANG_ANALYZER_NONNULL = YES;
				CLANG_CXX_LANGUAGE_STANDARD = "gnu++0x";
				CLANG_CXX_LIBRARY = "libc++";
				CLANG_ENABLE_MODULES = YES;
				CLANG_ENABLE_OBJC_ARC = YES;
				CLANG_WARN_BOOL_CONVERSION = YES;
				CLANG_WARN_CONSTANT_CONVERSION = YES;
				CLANG_WARN_DIRECT_OBJC_ISA_USAGE = YES_ERROR;
				CLANG_WARN_DOCUMENTATION_COMMENTS = YES;
				CLANG_WARN_EMPTY_BODY = YES;
				CLANG_WARN_ENUM_CONVERSION = YES;
				CLANG_WARN_INFINITE_RECURSION = YES;
				CLANG_WARN_INT_CONVERSION = YES;
				CLANG_WARN_OBJC_ROOT_CLASS = YES_ERROR;
				CLANG_WARN_SUSPICIOUS_MOVE = YES;
				CLANG_WARN_UNREACHABLE_CODE = YES;
				CLANG_WARN__DUPLICATE_METHOD_MATCH = YES;
				COPY_PHASE_STRIP = NO;
				DEBUG_INFORMATION_FORMAT = "dwarf-with-dsym";
				ENABLE_NS_ASSERTIONS = NO;
				ENABLE_STRICT_OBJC_MSGSEND = YES;
				GCC_C_LANGUAGE_STANDARD = gnu99;
				GCC_NO_COMMON_BLOCKS = YES;
				GCC_WARN_64_TO_32_BIT_CONVERSION = YES;
				GCC_WARN_ABOUT_RETURN_TYPE = YES_ERROR;
				GCC_WARN_UNDECLARED_SELECTOR = YES;
				GCC_WARN_UNINITIALIZED_AUTOS = YES_AGGRESSIVE;
				GCC_WARN_UNUSED_FUNCTION = YES;
				GCC_WARN_UNUSED_VARIABLE = YES;
				IPHONEOS_DEPLOYMENT_TARGET = 10.2;
				MTL_ENABLE_DEBUG_INFO = NO;
				SDKROOT = iphoneos;
				SWIFT_OPTIMIZATION_LEVEL = "-Owholemodule";
				TARGETED_DEVICE_FAMILY = "1,2";
				VALIDATE_PRODUCT = YES;
			};
			name = Release;
		};
		BA3C87771E4223C600C37AE9 /* Debug */ = {
			isa = XCBuildConfiguration;
			baseConfigurationReference = 2F18EB2086202F85B2844552 /* Pods-TabBarTransitionsExample.debug.xcconfig */;
			buildSettings = {
				ALWAYS_EMBED_SWIFT_STANDARD_LIBRARIES = "$(inherited)";
				ASSETCATALOG_COMPILER_APPICON_NAME = AppIcon;
				INFOPLIST_FILE = TabBarTransitionsExample/Info.plist;
				IPHONEOS_DEPLOYMENT_TARGET = 10.0;
				LD_RUNPATH_SEARCH_PATHS = "$(inherited) @executable_path/Frameworks";
				PRODUCT_BUNDLE_IDENTIFIER = com.touchwonders.TabBarTransitionsExample;
				PRODUCT_NAME = "$(TARGET_NAME)";
				SWIFT_VERSION = 3.0;
			};
			name = Debug;
		};
		BA3C87781E4223C600C37AE9 /* Release */ = {
			isa = XCBuildConfiguration;
			baseConfigurationReference = 56ED30FDF5F8B956911C213D /* Pods-TabBarTransitionsExample.release.xcconfig */;
			buildSettings = {
				ALWAYS_EMBED_SWIFT_STANDARD_LIBRARIES = "$(inherited)";
				ASSETCATALOG_COMPILER_APPICON_NAME = AppIcon;
				INFOPLIST_FILE = TabBarTransitionsExample/Info.plist;
				IPHONEOS_DEPLOYMENT_TARGET = 10.0;
				LD_RUNPATH_SEARCH_PATHS = "$(inherited) @executable_path/Frameworks";
				PRODUCT_BUNDLE_IDENTIFIER = com.touchwonders.TabBarTransitionsExample;
				PRODUCT_NAME = "$(TARGET_NAME)";
				SWIFT_VERSION = 3.0;
			};
			name = Release;
		};
/* End XCBuildConfiguration section */

/* Begin XCConfigurationList section */
		BA3C875D1E4223C600C37AE9 /* Build configuration list for PBXProject "TabBarTransitionsExample" */ = {
			isa = XCConfigurationList;
			buildConfigurations = (
				BA3C87741E4223C600C37AE9 /* Debug */,
				BA3C87751E4223C600C37AE9 /* Release */,
			);
			defaultConfigurationIsVisible = 0;
			defaultConfigurationName = Release;
		};
		BA3C87761E4223C600C37AE9 /* Build configuration list for PBXNativeTarget "TabBarTransitionsExample" */ = {
			isa = XCConfigurationList;
			buildConfigurations = (
				BA3C87771E4223C600C37AE9 /* Debug */,
				BA3C87781E4223C600C37AE9 /* Release */,
			);
			defaultConfigurationIsVisible = 0;
			defaultConfigurationName = Release;
		};
/* End XCConfigurationList section */
	};
	rootObject = BA3C875A1E4223C600C37AE9 /* Project object */;
}
