// !$*UTF8*$!
{
	archiveVersion = 1;
	classes = {
	};
	objectVersion = 46;
	objects = {

/* Begin PBXBuildFile section */
		A5F00650DFC14EDBEE783E39 /* Pods_BuiltInTransitionsCatalog.framework in Frameworks */ = {isa = PBXBuildFile; fileRef = B8F5BA807CC48419604DF77B /* Pods_BuiltInTransitionsCatalog.framework */; };
		BA7592DE1E5CC79B00B021BF /* AppDelegate.swift in Sources */ = {isa = PBXBuildFile; fileRef = BA7592DD1E5CC79B00B021BF /* AppDelegate.swift */; };
		BA7592E01E5CC79B00B021BF /* AwesomeViewController.swift in Sources */ = {isa = PBXBuildFile; fileRef = BA7592DF1E5CC79B00B021BF /* AwesomeViewController.swift */; };
		BA7592E31E5CC79B00B021BF /* Main.storyboard in Resources */ = {isa = PBXBuildFile; fileRef = BA7592E11E5CC79B00B021BF /* Main.storyboard */; };
		BA7592E51E5CC79B00B021BF /* Assets.xcassets in Resources */ = {isa = PBXBuildFile; fileRef = BA7592E41E5CC79B00B021BF /* Assets.xcassets */; };
		BA7592E81E5CC79B00B021BF /* LaunchScreen.storyboard in Resources */ = {isa = PBXBuildFile; fileRef = BA7592E61E5CC79B00B021BF /* LaunchScreen.storyboard */; };
		BA7592F01E5CC89F00B021BF /* CatalogMenu.swift in Sources */ = {isa = PBXBuildFile; fileRef = BA7592EF1E5CC89F00B021BF /* CatalogMenu.swift */; };
		BA7592F21E5CD10C00B021BF /* Catalog.swift in Sources */ = {isa = PBXBuildFile; fileRef = BA7592F11E5CD10C00B021BF /* Catalog.swift */; };
		BAE576771E5ED48400E8ABC3 /* TransitionStyle.swift in Sources */ = {isa = PBXBuildFile; fileRef = BAE576761E5ED48400E8ABC3 /* TransitionStyle.swift */; };
/* End PBXBuildFile section */

/* Begin PBXFileReference section */
		B8F5BA807CC48419604DF77B /* Pods_BuiltInTransitionsCatalog.framework */ = {isa = PBXFileReference; explicitFileType = wrapper.framework; includeInIndex = 0; path = Pods_BuiltInTransitionsCatalog.framework; sourceTree = BUILT_PRODUCTS_DIR; };
		BA7592DA1E5CC79B00B021BF /* BuiltInTransitionsCatalog.app */ = {isa = PBXFileReference; explicitFileType = wrapper.application; includeInIndex = 0; path = BuiltInTransitionsCatalog.app; sourceTree = BUILT_PRODUCTS_DIR; };
		BA7592DD1E5CC79B00B021BF /* AppDelegate.swift */ = {isa = PBXFileReference; lastKnownFileType = sourcecode.swift; path = AppDelegate.swift; sourceTree = "<group>"; };
		BA7592DF1E5CC79B00B021BF /* AwesomeViewController.swift */ = {isa = PBXFileReference; lastKnownFileType = sourcecode.swift; path = AwesomeViewController.swift; sourceTree = "<group>"; };
		BA7592E21E5CC79B00B021BF /* Base */ = {isa = PBXFileReference; lastKnownFileType = file.storyboard; name = Base; path = Base.lproj/Main.storyboard; sourceTree = "<group>"; };
		BA7592E41E5CC79B00B021BF /* Assets.xcassets */ = {isa = PBXFileReference; lastKnownFileType = folder.assetcatalog; path = Assets.xcassets; sourceTree = "<group>"; };
		BA7592E71E5CC79B00B021BF /* Base */ = {isa = PBXFileReference; lastKnownFileType = file.storyboard; name = Base; path = Base.lproj/LaunchScreen.storyboard; sourceTree = "<group>"; };
		BA7592E91E5CC79B00B021BF /* Info.plist */ = {isa = PBXFileReference; lastKnownFileType = text.plist.xml; path = Info.plist; sourceTree = "<group>"; };
		BA7592EF1E5CC89F00B021BF /* CatalogMenu.swift */ = {isa = PBXFileReference; fileEncoding = 4; lastKnownFileType = sourcecode.swift; path = CatalogMenu.swift; sourceTree = "<group>"; };
		BA7592F11E5CD10C00B021BF /* Catalog.swift */ = {isa = PBXFileReference; fileEncoding = 4; lastKnownFileType = sourcecode.swift; path = Catalog.swift; sourceTree = "<group>"; };
		BAE576761E5ED48400E8ABC3 /* TransitionStyle.swift */ = {isa = PBXFileReference; fileEncoding = 4; lastKnownFileType = sourcecode.swift; path = TransitionStyle.swift; sourceTree = "<group>"; };
		C55D959723C1AF3CB62C9A51 /* Pods-BuiltInTransitionsCatalog.release.xcconfig */ = {isa = PBXFileReference; includeInIndex = 1; lastKnownFileType = text.xcconfig; name = "Pods-BuiltInTransitionsCatalog.release.xcconfig"; path = "Pods/Target Support Files/Pods-BuiltInTransitionsCatalog/Pods-BuiltInTransitionsCatalog.release.xcconfig"; sourceTree = "<group>"; };
		FA2013249FE65BAF95C7F037 /* Pods-BuiltInTransitionsCatalog.debug.xcconfig */ = {isa = PBXFileReference; includeInIndex = 1; lastKnownFileType = text.xcconfig; name = "Pods-BuiltInTransitionsCatalog.debug.xcconfig"; path = "Pods/Target Support Files/Pods-BuiltInTransitionsCatalog/Pods-BuiltInTransitionsCatalog.debug.xcconfig"; sourceTree = "<group>"; };
/* End PBXFileReference section */

/* Begin PBXFrameworksBuildPhase section */
		BA7592D71E5CC79B00B021BF /* Frameworks */ = {
			isa = PBXFrameworksBuildPhase;
			buildActionMask = 2147483647;
			files = (
				A5F00650DFC14EDBEE783E39 /* Pods_BuiltInTransitionsCatalog.framework in Frameworks */,
			);
			runOnlyForDeploymentPostprocessing = 0;
		};
/* End PBXFrameworksBuildPhase section */

/* Begin PBXGroup section */
		7566E53AB91E051F1F3719D6 /* Pods */ = {
			isa = PBXGroup;
			children = (
				FA2013249FE65BAF95C7F037 /* Pods-BuiltInTransitionsCatalog.debug.xcconfig */,
				C55D959723C1AF3CB62C9A51 /* Pods-BuiltInTransitionsCatalog.release.xcconfig */,
			);
			name = Pods;
			sourceTree = "<group>";
		};
		BA7592D11E5CC79B00B021BF = {
			isa = PBXGroup;
			children = (
				BA7592DC1E5CC79B00B021BF /* BuiltInTransitionsCatalog */,
				BA7592DB1E5CC79B00B021BF /* Products */,
				7566E53AB91E051F1F3719D6 /* Pods */,
				EB2502687631B43C6BF92B62 /* Frameworks */,
			);
			sourceTree = "<group>";
		};
		BA7592DB1E5CC79B00B021BF /* Products */ = {
			isa = PBXGroup;
			children = (
				BA7592DA1E5CC79B00B021BF /* BuiltInTransitionsCatalog.app */,
			);
			name = Products;
			sourceTree = "<group>";
		};
		BA7592DC1E5CC79B00B021BF /* BuiltInTransitionsCatalog */ = {
			isa = PBXGroup;
			children = (
				BA7592DD1E5CC79B00B021BF /* AppDelegate.swift */,
				BA7592DF1E5CC79B00B021BF /* AwesomeViewController.swift */,
				BA7592F11E5CD10C00B021BF /* Catalog.swift */,
				BA7592EF1E5CC89F00B021BF /* CatalogMenu.swift */,
				BAE576761E5ED48400E8ABC3 /* TransitionStyle.swift */,
				BAE576781E5ED48C00E8ABC3 /* Resources */,
			);
			path = BuiltInTransitionsCatalog;
			sourceTree = "<group>";
		};
		BAE576781E5ED48C00E8ABC3 /* Resources */ = {
			isa = PBXGroup;
			children = (
				BA7592E11E5CC79B00B021BF /* Main.storyboard */,
				BA7592E41E5CC79B00B021BF /* Assets.xcassets */,
				BA7592E61E5CC79B00B021BF /* LaunchScreen.storyboard */,
				BA7592E91E5CC79B00B021BF /* Info.plist */,
			);
			name = Resources;
			sourceTree = "<group>";
		};
		EB2502687631B43C6BF92B62 /* Frameworks */ = {
			isa = PBXGroup;
			children = (
				B8F5BA807CC48419604DF77B /* Pods_BuiltInTransitionsCatalog.framework */,
			);
			name = Frameworks;
			sourceTree = "<group>";
		};
/* End PBXGroup section */

/* Begin PBXNativeTarget section */
		BA7592D91E5CC79B00B021BF /* BuiltInTransitionsCatalog */ = {
			isa = PBXNativeTarget;
			buildConfigurationList = BA7592EC1E5CC79B00B021BF /* Build configuration list for PBXNativeTarget "BuiltInTransitionsCatalog" */;
			buildPhases = (
				2FAB643D5AFA21F784A7081C /* [CP] Check Pods Manifest.lock */,
				BA7592D61E5CC79B00B021BF /* Sources */,
				BA7592D71E5CC79B00B021BF /* Frameworks */,
				BA7592D81E5CC79B00B021BF /* Resources */,
				B1AA4F9D14F25C7D45829B58 /* [CP] Embed Pods Frameworks */,
				7E06C03167931488998659B4 /* [CP] Copy Pods Resources */,
			);
			buildRules = (
			);
			dependencies = (
			);
			name = BuiltInTransitionsCatalog;
			productName = BuiltInTransitionsCatalog;
			productReference = BA7592DA1E5CC79B00B021BF /* BuiltInTransitionsCatalog.app */;
			productType = "com.apple.product-type.application";
		};
/* End PBXNativeTarget section */

/* Begin PBXProject section */
		BA7592D21E5CC79B00B021BF /* Project object */ = {
			isa = PBXProject;
			attributes = {
				LastSwiftUpdateCheck = 0820;
				LastUpgradeCheck = 0820;
				ORGANIZATIONNAME = Touchwonders;
				TargetAttributes = {
					BA7592D91E5CC79B00B021BF = {
						CreatedOnToolsVersion = 8.2.1;
						DevelopmentTeam = LQ449R4NTB;
						ProvisioningStyle = Automatic;
					};
				};
			};
			buildConfigurationList = BA7592D51E5CC79B00B021BF /* Build configuration list for PBXProject "BuiltInTransitionsCatalog" */;
			compatibilityVersion = "Xcode 3.2";
			developmentRegion = English;
			hasScannedForEncodings = 0;
			knownRegions = (
				en,
				Base,
			);
			mainGroup = BA7592D11E5CC79B00B021BF;
			productRefGroup = BA7592DB1E5CC79B00B021BF /* Products */;
			projectDirPath = "";
			projectRoot = "";
			targets = (
				BA7592D91E5CC79B00B021BF /* BuiltInTransitionsCatalog */,
			);
		};
/* End PBXProject section */

/* Begin PBXResourcesBuildPhase section */
		BA7592D81E5CC79B00B021BF /* Resources */ = {
			isa = PBXResourcesBuildPhase;
			buildActionMask = 2147483647;
			files = (
				BA7592E81E5CC79B00B021BF /* LaunchScreen.storyboard in Resources */,
				BA7592E51E5CC79B00B021BF /* Assets.xcassets in Resources */,
				BA7592E31E5CC79B00B021BF /* Main.storyboard in Resources */,
			);
			runOnlyForDeploymentPostprocessing = 0;
		};
/* End PBXResourcesBuildPhase section */

/* Begin PBXShellScriptBuildPhase section */
		2FAB643D5AFA21F784A7081C /* [CP] Check Pods Manifest.lock */ = {
			isa = PBXShellScriptBuildPhase;
			buildActionMask = 2147483647;
			files = (
			);
			inputPaths = (
			);
			name = "[CP] Check Pods Manifest.lock";
			outputPaths = (
			);
			runOnlyForDeploymentPostprocessing = 0;
			shellPath = /bin/sh;
			shellScript = "diff \"${PODS_ROOT}/../Podfile.lock\" \"${PODS_ROOT}/Manifest.lock\" > /dev/null\nif [ $? != 0 ] ; then\n    # print error to STDERR\n    echo \"error: The sandbox is not in sync with the Podfile.lock. Run 'pod install' or update your CocoaPods installation.\" >&2\n    exit 1\nfi\n";
			showEnvVarsInLog = 0;
		};
		7E06C03167931488998659B4 /* [CP] Copy Pods Resources */ = {
			isa = PBXShellScriptBuildPhase;
			buildActionMask = 2147483647;
			files = (
			);
			inputPaths = (
			);
			name = "[CP] Copy Pods Resources";
			outputPaths = (
			);
			runOnlyForDeploymentPostprocessing = 0;
			shellPath = /bin/sh;
			shellScript = "\"${SRCROOT}/Pods/Target Support Files/Pods-BuiltInTransitionsCatalog/Pods-BuiltInTransitionsCatalog-resources.sh\"\n";
			showEnvVarsInLog = 0;
		};
		B1AA4F9D14F25C7D45829B58 /* [CP] Embed Pods Frameworks */ = {
			isa = PBXShellScriptBuildPhase;
			buildActionMask = 2147483647;
			files = (
			);
			inputPaths = (
			);
			name = "[CP] Embed Pods Frameworks";
			outputPaths = (
			);
			runOnlyForDeploymentPostprocessing = 0;
			shellPath = /bin/sh;
			shellScript = "\"${SRCROOT}/Pods/Target Support Files/Pods-BuiltInTransitionsCatalog/Pods-BuiltInTransitionsCatalog-frameworks.sh\"\n";
			showEnvVarsInLog = 0;
		};
/* End PBXShellScriptBuildPhase section */

/* Begin PBXSourcesBuildPhase section */
		BA7592D61E5CC79B00B021BF /* Sources */ = {
			isa = PBXSourcesBuildPhase;
			buildActionMask = 2147483647;
			files = (
				BA7592F01E5CC89F00B021BF /* CatalogMenu.swift in Sources */,
				BAE576771E5ED48400E8ABC3 /* TransitionStyle.swift in Sources */,
				BA7592E01E5CC79B00B021BF /* AwesomeViewController.swift in Sources */,
				BA7592DE1E5CC79B00B021BF /* AppDelegate.swift in Sources */,
				BA7592F21E5CD10C00B021BF /* Catalog.swift in Sources */,
			);
			runOnlyForDeploymentPostprocessing = 0;
		};
/* End PBXSourcesBuildPhase section */

/* Begin PBXVariantGroup section */
		BA7592E11E5CC79B00B021BF /* Main.storyboard */ = {
			isa = PBXVariantGroup;
			children = (
				BA7592E21E5CC79B00B021BF /* Base */,
			);
			name = Main.storyboard;
			sourceTree = "<group>";
		};
		BA7592E61E5CC79B00B021BF /* LaunchScreen.storyboard */ = {
			isa = PBXVariantGroup;
			children = (
				BA7592E71E5CC79B00B021BF /* Base */,
			);
			name = LaunchScreen.storyboard;
			sourceTree = "<group>";
		};
/* End PBXVariantGroup section */

/* Begin XCBuildConfiguration section */
		BA7592EA1E5CC79B00B021BF /* Debug */ = {
			isa = XCBuildConfiguration;
			buildSettings = {
				ALWAYS_SEARCH_USER_PATHS = NO;
				CLANG_ANALYZER_NONNULL = YES;
				CLANG_CXX_LANGUAGE_STANDARD = "gnu++0x";
				CLANG_CXX_LIBRARY = "libc++";
				CLANG_ENABLE_MODULES = YES;
				CLANG_ENABLE_OBJC_ARC = YES;
				CLANG_WARN_BOOL_CONVERSION = YES;
				CLANG_WARN_CONSTANT_CONVERSION = YES;
				CLANG_WARN_DIRECT_OBJC_ISA_USAGE = YES_ERROR;
				CLANG_WARN_DOCUMENTATION_COMMENTS = YES;
				CLANG_WARN_EMPTY_BODY = YES;
				CLANG_WARN_ENUM_CONVERSION = YES;
				CLANG_WARN_INFINITE_RECURSION = YES;
				CLANG_WARN_INT_CONVERSION = YES;
				CLANG_WARN_OBJC_ROOT_CLASS = YES_ERROR;
				CLANG_WARN_SUSPICIOUS_MOVE = YES;
				CLANG_WARN_UNREACHABLE_CODE = YES;
				CLANG_WARN__DUPLICATE_METHOD_MATCH = YES;
				"CODE_SIGN_IDENTITY[sdk=iphoneos*]" = "iPhone Developer";
				COPY_PHASE_STRIP = NO;
				DEBUG_INFORMATION_FORMAT = dwarf;
				ENABLE_STRICT_OBJC_MSGSEND = YES;
				ENABLE_TESTABILITY = YES;
				GCC_C_LANGUAGE_STANDARD = gnu99;
				GCC_DYNAMIC_NO_PIC = NO;
				GCC_NO_COMMON_BLOCKS = YES;
				GCC_OPTIMIZATION_LEVEL = 0;
				GCC_PREPROCESSOR_DEFINITIONS = (
					"DEBUG=1",
					"$(inherited)",
				);
				GCC_WARN_64_TO_32_BIT_CONVERSION = YES;
				GCC_WARN_ABOUT_RETURN_TYPE = YES_ERROR;
				GCC_WARN_UNDECLARED_SELECTOR = YES;
				GCC_WARN_UNINITIALIZED_AUTOS = YES_AGGRESSIVE;
				GCC_WARN_UNUSED_FUNCTION = YES;
				GCC_WARN_UNUSED_VARIABLE = YES;
				IPHONEOS_DEPLOYMENT_TARGET = 10.2;
				MTL_ENABLE_DEBUG_INFO = YES;
				ONLY_ACTIVE_ARCH = YES;
				SDKROOT = iphoneos;
				SWIFT_ACTIVE_COMPILATION_CONDITIONS = DEBUG;
				SWIFT_OPTIMIZATION_LEVEL = "-Onone";
			};
			name = Debug;
		};
		BA7592EB1E5CC79B00B021BF /* Release */ = {
			isa = XCBuildConfiguration;
			buildSettings = {
				ALWAYS_SEARCH_USER_PATHS = NO;
				CLANG_ANALYZER_NONNULL = YES;
				CLANG_CXX_LANGUAGE_STANDARD = "gnu++0x";
				CLANG_CXX_LIBRARY = "libc++";
				CLANG_ENABLE_MODULES = YES;
				CLANG_ENABLE_OBJC_ARC = YES;
				CLANG_WARN_BOOL_CONVERSION = YES;
				CLANG_WARN_CONSTANT_CONVERSION = YES;
				CLANG_WARN_DIRECT_OBJC_ISA_USAGE = YES_ERROR;
				CLANG_WARN_DOCUMENTATION_COMMENTS = YES;
				CLANG_WARN_EMPTY_BODY = YES;
				CLANG_WARN_ENUM_CONVERSION = YES;
				CLANG_WARN_INFINITE_RECURSION = YES;
				CLANG_WARN_INT_CONVERSION = YES;
				CLANG_WARN_OBJC_ROOT_CLASS = YES_ERROR;
				CLANG_WARN_SUSPICIOUS_MOVE = YES;
				CLANG_WARN_UNREACHABLE_CODE = YES;
				CLANG_WARN__DUPLICATE_METHOD_MATCH = YES;
				"CODE_SIGN_IDENTITY[sdk=iphoneos*]" = "iPhone Developer";
				COPY_PHASE_STRIP = NO;
				DEBUG_INFORMATION_FORMAT = "dwarf-with-dsym";
				ENABLE_NS_ASSERTIONS = NO;
				ENABLE_STRICT_OBJC_MSGSEND = YES;
				GCC_C_LANGUAGE_STANDARD = gnu99;
				GCC_NO_COMMON_BLOCKS = YES;
				GCC_WARN_64_TO_32_BIT_CONVERSION = YES;
				GCC_WARN_ABOUT_RETURN_TYPE = YES_ERROR;
				GCC_WARN_UNDECLARED_SELECTOR = YES;
				GCC_WARN_UNINITIALIZED_AUTOS = YES_AGGRESSIVE;
				GCC_WARN_UNUSED_FUNCTION = YES;
				GCC_WARN_UNUSED_VARIABLE = YES;
				IPHONEOS_DEPLOYMENT_TARGET = 10.2;
				MTL_ENABLE_DEBUG_INFO = NO;
				SDKROOT = iphoneos;
				SWIFT_OPTIMIZATION_LEVEL = "-Owholemodule";
				VALIDATE_PRODUCT = YES;
			};
			name = Release;
		};
		BA7592ED1E5CC79B00B021BF /* Debug */ = {
			isa = XCBuildConfiguration;
			baseConfigurationReference = FA2013249FE65BAF95C7F037 /* Pods-BuiltInTransitionsCatalog.debug.xcconfig */;
			buildSettings = {
				ASSETCATALOG_COMPILER_APPICON_NAME = AppIcon;
				DEVELOPMENT_TEAM = LQ449R4NTB;
				INFOPLIST_FILE = BuiltInTransitionsCatalog/Info.plist;
				LD_RUNPATH_SEARCH_PATHS = "$(inherited) @executable_path/Frameworks";
				PRODUCT_BUNDLE_IDENTIFIER = com.touchwonders.BuiltInTransitionsCatalog;
				PRODUCT_NAME = "$(TARGET_NAME)";
				SWIFT_VERSION = 3.0;
			};
			name = Debug;
		};
		BA7592EE1E5CC79B00B021BF /* Release */ = {
			isa = XCBuildConfiguration;
			baseConfigurationReference = C55D959723C1AF3CB62C9A51 /* Pods-BuiltInTransitionsCatalog.release.xcconfig */;
			buildSettings = {
				ASSETCATALOG_COMPILER_APPICON_NAME = AppIcon;
				DEVELOPMENT_TEAM = LQ449R4NTB;
				INFOPLIST_FILE = BuiltInTransitionsCatalog/Info.plist;
				LD_RUNPATH_SEARCH_PATHS = "$(inherited) @executable_path/Frameworks";
				PRODUCT_BUNDLE_IDENTIFIER = com.touchwonders.BuiltInTransitionsCatalog;
				PRODUCT_NAME = "$(TARGET_NAME)";
				SWIFT_VERSION = 3.0;
			};
			name = Release;
		};
/* End XCBuildConfiguration section */

/* Begin XCConfigurationList section */
		BA7592D51E5CC79B00B021BF /* Build configuration list for PBXProject "BuiltInTransitionsCatalog" */ = {
			isa = XCConfigurationList;
			buildConfigurations = (
				BA7592EA1E5CC79B00B021BF /* Debug */,
				BA7592EB1E5CC79B00B021BF /* Release */,
			);
			defaultConfigurationIsVisible = 0;
			defaultConfigurationName = Release;
		};
		BA7592EC1E5CC79B00B021BF /* Build configuration list for PBXNativeTarget "BuiltInTransitionsCatalog" */ = {
			isa = XCConfigurationList;
			buildConfigurations = (
				BA7592ED1E5CC79B00B021BF /* Debug */,
				BA7592EE1E5CC79B00B021BF /* Release */,
			);
			defaultConfigurationIsVisible = 0;
			defaultConfigurationName = Release;
		};
/* End XCConfigurationList section */
	};
	rootObject = BA7592D21E5CC79B00B021BF /* Project object */;
}
