// !$*UTF8*$!
{
	archiveVersion = 1;
	classes = {
	};
	objectVersion = 46;
	objects = {

/* Begin PBXBuildFile section */
		2DDFFB371E65C4C00096AE10 /* AppDelegate.swift in Sources */ = {isa = PBXBuildFile; fileRef = 2DDFFB361E65C4C00096AE10 /* AppDelegate.swift */; };
		2DDFFB391E65C4C00096AE10 /* ViewController.swift in Sources */ = {isa = PBXBuildFile; fileRef = 2DDFFB381E65C4C00096AE10 /* ViewController.swift */; };
		2DDFFB3E1E65C4C00096AE10 /* Assets.xcassets in Resources */ = {isa = PBXBuildFile; fileRef = 2DDFFB3D1E65C4C00096AE10 /* Assets.xcassets */; };
		2DDFFB411E65C4C00096AE10 /* LaunchScreen.storyboard in Resources */ = {isa = PBXBuildFile; fileRef = 2DDFFB3F1E65C4C00096AE10 /* LaunchScreen.storyboard */; };
		2DDFFB4B1E65C5350096AE10 /* ExampleAnimation.swift in Sources */ = {isa = PBXBuildFile; fileRef = 2DDFFB481E65C5350096AE10 /* ExampleAnimation.swift */; };
		2DDFFB4C1E65C5350096AE10 /* Router.swift in Sources */ = {isa = PBXBuildFile; fileRef = 2DDFFB491E65C5350096AE10 /* Router.swift */; };
		2DDFFB4D1E65C5350096AE10 /* ExampleSource.swift in Sources */ = {isa = PBXBuildFile; fileRef = 2DDFFB4A1E65C5350096AE10 /* ExampleSource.swift */; };
		6832EFFE2F7001FA1495D8F3 /* Pods_Example.framework in Frameworks */ = {isa = PBXBuildFile; fileRef = D876817887DE9CBBB3CCEDE7 /* Pods_Example.framework */; };
/* End PBXBuildFile section */

/* Begin PBXFileReference section */
		2DDFFB331E65C4C00096AE10 /* Example.app */ = {isa = PBXFileReference; explicitFileType = wrapper.application; includeInIndex = 0; path = Example.app; sourceTree = BUILT_PRODUCTS_DIR; };
		2DDFFB361E65C4C00096AE10 /* AppDelegate.swift */ = {isa = PBXFileReference; lastKnownFileType = sourcecode.swift; path = AppDelegate.swift; sourceTree = "<group>"; };
		2DDFFB381E65C4C00096AE10 /* ViewController.swift */ = {isa = PBXFileReference; lastKnownFileType = sourcecode.swift; path = ViewController.swift; sourceTree = "<group>"; };
		2DDFFB3D1E65C4C00096AE10 /* Assets.xcassets */ = {isa = PBXFileReference; lastKnownFileType = folder.assetcatalog; path = Assets.xcassets; sourceTree = "<group>"; };
		2DDFFB401E65C4C00096AE10 /* Base */ = {isa = PBXFileReference; lastKnownFileType = file.storyboard; name = Base; path = Base.lproj/LaunchScreen.storyboard; sourceTree = "<group>"; };
		2DDFFB421E65C4C00096AE10 /* Info.plist */ = {isa = PBXFileReference; lastKnownFileType = text.plist.xml; path = Info.plist; sourceTree = "<group>"; };
		2DDFFB481E65C5350096AE10 /* ExampleAnimation.swift */ = {isa = PBXFileReference; fileEncoding = 4; lastKnownFileType = sourcecode.swift; path = ExampleAnimation.swift; sourceTree = "<group>"; };
		2DDFFB491E65C5350096AE10 /* Router.swift */ = {isa = PBXFileReference; fileEncoding = 4; lastKnownFileType = sourcecode.swift; path = Router.swift; sourceTree = "<group>"; };
		2DDFFB4A1E65C5350096AE10 /* ExampleSource.swift */ = {isa = PBXFileReference; fileEncoding = 4; lastKnownFileType = sourcecode.swift; path = ExampleSource.swift; sourceTree = "<group>"; };
		927218F0783760D8F7276218 /* Pods-Example.debug.xcconfig */ = {isa = PBXFileReference; includeInIndex = 1; lastKnownFileType = text.xcconfig; name = "Pods-Example.debug.xcconfig"; path = "Pods/Target Support Files/Pods-Example/Pods-Example.debug.xcconfig"; sourceTree = "<group>"; };
		D876817887DE9CBBB3CCEDE7 /* Pods_Example.framework */ = {isa = PBXFileReference; explicitFileType = wrapper.framework; includeInIndex = 0; path = Pods_Example.framework; sourceTree = BUILT_PRODUCTS_DIR; };
		DE6B196DC8C710D813C1ADA3 /* Pods-Example.release.xcconfig */ = {isa = PBXFileReference; includeInIndex = 1; lastKnownFileType = text.xcconfig; name = "Pods-Example.release.xcconfig"; path = "Pods/Target Support Files/Pods-Example/Pods-Example.release.xcconfig"; sourceTree = "<group>"; };
/* End PBXFileReference section */

/* Begin PBXFrameworksBuildPhase section */
		2DDFFB301E65C4C00096AE10 /* Frameworks */ = {
			isa = PBXFrameworksBuildPhase;
			buildActionMask = 2147483647;
			files = (
				6832EFFE2F7001FA1495D8F3 /* Pods_Example.framework in Frameworks */,
			);
			runOnlyForDeploymentPostprocessing = 0;
		};
/* End PBXFrameworksBuildPhase section */

/* Begin PBXGroup section */
		2DDFFB2A1E65C4BF0096AE10 = {
			isa = PBXGroup;
			children = (
				2DDFFB351E65C4C00096AE10 /* Example */,
				2DDFFB341E65C4C00096AE10 /* Products */,
				7CFCD48C9701C4226F1145C6 /* Pods */,
				84CD04C4E78FC3316C75B5A3 /* Frameworks */,
			);
			sourceTree = "<group>";
		};
		2DDFFB341E65C4C00096AE10 /* Products */ = {
			isa = PBXGroup;
			children = (
				2DDFFB331E65C4C00096AE10 /* Example.app */,
			);
			name = Products;
			sourceTree = "<group>";
		};
		2DDFFB351E65C4C00096AE10 /* Example */ = {
			isa = PBXGroup;
			children = (
				2DDFFB491E65C5350096AE10 /* Router.swift */,
				2DDFFB361E65C4C00096AE10 /* AppDelegate.swift */,
				2DDFFB381E65C4C00096AE10 /* ViewController.swift */,
				2DDFFB3D1E65C4C00096AE10 /* Assets.xcassets */,
				2DDFFB421E65C4C00096AE10 /* Info.plist */,
				2DDFFB3F1E65C4C00096AE10 /* LaunchScreen.storyboard */,
				2DDFFB4A1E65C5350096AE10 /* ExampleSource.swift */,
				2DDFFB481E65C5350096AE10 /* ExampleAnimation.swift */,
			);
			path = Example;
			sourceTree = "<group>";
		};
		7CFCD48C9701C4226F1145C6 /* Pods */ = {
			isa = PBXGroup;
			children = (
				927218F0783760D8F7276218 /* Pods-Example.debug.xcconfig */,
				DE6B196DC8C710D813C1ADA3 /* Pods-Example.release.xcconfig */,
			);
			name = Pods;
			sourceTree = "<group>";
		};
		84CD04C4E78FC3316C75B5A3 /* Frameworks */ = {
			isa = PBXGroup;
			children = (
				D876817887DE9CBBB3CCEDE7 /* Pods_Example.framework */,
			);
			name = Frameworks;
			sourceTree = "<group>";
		};
/* End PBXGroup section */

/* Begin PBXNativeTarget section */
		2DDFFB321E65C4C00096AE10 /* Example */ = {
			isa = PBXNativeTarget;
			buildConfigurationList = 2DDFFB451E65C4C00096AE10 /* Build configuration list for PBXNativeTarget "Example" */;
			buildPhases = (
				6576F4DFFE421E38055FF92D /* [CP] Check Pods Manifest.lock */,
				2DDFFB2F1E65C4C00096AE10 /* Sources */,
				2DDFFB301E65C4C00096AE10 /* Frameworks */,
				2DDFFB311E65C4C00096AE10 /* Resources */,
				D91821FA80BABFA78E271077 /* [CP] Embed Pods Frameworks */,
				EDDA8650B9C0331BB7C63D14 /* [CP] Copy Pods Resources */,
			);
			buildRules = (
			);
			dependencies = (
			);
			name = Example;
			productName = Example;
			productReference = 2DDFFB331E65C4C00096AE10 /* Example.app */;
			productType = "com.apple.product-type.application";
		};
/* End PBXNativeTarget section */

/* Begin PBXProject section */
		2DDFFB2B1E65C4BF0096AE10 /* Project object */ = {
			isa = PBXProject;
			attributes = {
				LastSwiftUpdateCheck = 0820;
				LastUpgradeCheck = 0820;
				ORGANIZATIONNAME = "Robert-Hein Hooijmans";
				TargetAttributes = {
					2DDFFB321E65C4C00096AE10 = {
						CreatedOnToolsVersion = 8.2.1;
						DevelopmentTeam = LQ449R4NTB;
						ProvisioningStyle = Automatic;
					};
				};
			};
			buildConfigurationList = 2DDFFB2E1E65C4BF0096AE10 /* Build configuration list for PBXProject "Example" */;
			compatibilityVersion = "Xcode 3.2";
			developmentRegion = English;
			hasScannedForEncodings = 0;
			knownRegions = (
				en,
				Base,
			);
			mainGroup = 2DDFFB2A1E65C4BF0096AE10;
			productRefGroup = 2DDFFB341E65C4C00096AE10 /* Products */;
			projectDirPath = "";
			projectRoot = "";
			targets = (
				2DDFFB321E65C4C00096AE10 /* Example */,
			);
		};
/* End PBXProject section */

/* Begin PBXResourcesBuildPhase section */
		2DDFFB311E65C4C00096AE10 /* Resources */ = {
			isa = PBXResourcesBuildPhase;
			buildActionMask = 2147483647;
			files = (
				2DDFFB411E65C4C00096AE10 /* LaunchScreen.storyboard in Resources */,
				2DDFFB3E1E65C4C00096AE10 /* Assets.xcassets in Resources */,
			);
			runOnlyForDeploymentPostprocessing = 0;
		};
/* End PBXResourcesBuildPhase section */

/* Begin PBXShellScriptBuildPhase section */
		6576F4DFFE421E38055FF92D /* [CP] Check Pods Manifest.lock */ = {
			isa = PBXShellScriptBuildPhase;
			buildActionMask = 2147483647;
			files = (
			);
			inputPaths = (
			);
			name = "[CP] Check Pods Manifest.lock";
			outputPaths = (
			);
			runOnlyForDeploymentPostprocessing = 0;
			shellPath = /bin/sh;
			shellScript = "diff \"${PODS_ROOT}/../Podfile.lock\" \"${PODS_ROOT}/Manifest.lock\" > /dev/null\nif [ $? != 0 ] ; then\n    # print error to STDERR\n    echo \"error: The sandbox is not in sync with the Podfile.lock. Run 'pod install' or update your CocoaPods installation.\" >&2\n    exit 1\nfi\n";
			showEnvVarsInLog = 0;
		};
		D91821FA80BABFA78E271077 /* [CP] Embed Pods Frameworks */ = {
			isa = PBXShellScriptBuildPhase;
			buildActionMask = 2147483647;
			files = (
			);
			inputPaths = (
			);
			name = "[CP] Embed Pods Frameworks";
			outputPaths = (
			);
			runOnlyForDeploymentPostprocessing = 0;
			shellPath = /bin/sh;
			shellScript = "\"${SRCROOT}/Pods/Target Support Files/Pods-Example/Pods-Example-frameworks.sh\"\n";
			showEnvVarsInLog = 0;
		};
		EDDA8650B9C0331BB7C63D14 /* [CP] Copy Pods Resources */ = {
			isa = PBXShellScriptBuildPhase;
			buildActionMask = 2147483647;
			files = (
			);
			inputPaths = (
			);
			name = "[CP] Copy Pods Resources";
			outputPaths = (
			);
			runOnlyForDeploymentPostprocessing = 0;
			shellPath = /bin/sh;
			shellScript = "\"${SRCROOT}/Pods/Target Support Files/Pods-Example/Pods-Example-resources.sh\"\n";
			showEnvVarsInLog = 0;
		};
/* End PBXShellScriptBuildPhase section */

/* Begin PBXSourcesBuildPhase section */
		2DDFFB2F1E65C4C00096AE10 /* Sources */ = {
			isa = PBXSourcesBuildPhase;
			buildActionMask = 2147483647;
			files = (
				2DDFFB4C1E65C5350096AE10 /* Router.swift in Sources */,
				2DDFFB391E65C4C00096AE10 /* ViewController.swift in Sources */,
				2DDFFB4B1E65C5350096AE10 /* ExampleAnimation.swift in Sources */,
				2DDFFB4D1E65C5350096AE10 /* ExampleSource.swift in Sources */,
				2DDFFB371E65C4C00096AE10 /* AppDelegate.swift in Sources */,
			);
			runOnlyForDeploymentPostprocessing = 0;
		};
/* End PBXSourcesBuildPhase section */

/* Begin PBXVariantGroup section */
		2DDFFB3F1E65C4C00096AE10 /* LaunchScreen.storyboard */ = {
			isa = PBXVariantGroup;
			children = (
				2DDFFB401E65C4C00096AE10 /* Base */,
			);
			name = LaunchScreen.storyboard;
			sourceTree = "<group>";
		};
/* End PBXVariantGroup section */

/* Begin XCBuildConfiguration section */
		2DDFFB431E65C4C00096AE10 /* Debug */ = {
			isa = XCBuildConfiguration;
			buildSettings = {
				ALWAYS_SEARCH_USER_PATHS = NO;
				CLANG_ANALYZER_NONNULL = YES;
				CLANG_CXX_LANGUAGE_STANDARD = "gnu++0x";
				CLANG_CXX_LIBRARY = "libc++";
				CLANG_ENABLE_MODULES = YES;
				CLANG_ENABLE_OBJC_ARC = YES;
				CLANG_WARN_BOOL_CONVERSION = YES;
				CLANG_WARN_CONSTANT_CONVERSION = YES;
				CLANG_WARN_DIRECT_OBJC_ISA_USAGE = YES_ERROR;
				CLANG_WARN_DOCUMENTATION_COMMENTS = YES;
				CLANG_WARN_EMPTY_BODY = YES;
				CLANG_WARN_ENUM_CONVERSION = YES;
				CLANG_WARN_INFINITE_RECURSION = YES;
				CLANG_WARN_INT_CONVERSION = YES;
				CLANG_WARN_OBJC_ROOT_CLASS = YES_ERROR;
				CLANG_WARN_SUSPICIOUS_MOVE = YES;
				CLANG_WARN_UNREACHABLE_CODE = YES;
				CLANG_WARN__DUPLICATE_METHOD_MATCH = YES;
				"CODE_SIGN_IDENTITY[sdk=iphoneos*]" = "iPhone Developer";
				COPY_PHASE_STRIP = NO;
				DEBUG_INFORMATION_FORMAT = dwarf;
				ENABLE_STRICT_OBJC_MSGSEND = YES;
				ENABLE_TESTABILITY = YES;
				GCC_C_LANGUAGE_STANDARD = gnu99;
				GCC_DYNAMIC_NO_PIC = NO;
				GCC_NO_COMMON_BLOCKS = YES;
				GCC_OPTIMIZATION_LEVEL = 0;
				GCC_PREPROCESSOR_DEFINITIONS = (
					"DEBUG=1",
					"$(inherited)",
				);
				GCC_WARN_64_TO_32_BIT_CONVERSION = YES;
				GCC_WARN_ABOUT_RETURN_TYPE = YES_ERROR;
				GCC_WARN_UNDECLARED_SELECTOR = YES;
				GCC_WARN_UNINITIALIZED_AUTOS = YES_AGGRESSIVE;
				GCC_WARN_UNUSED_FUNCTION = YES;
				GCC_WARN_UNUSED_VARIABLE = YES;
				IPHONEOS_DEPLOYMENT_TARGET = 10.2;
				MTL_ENABLE_DEBUG_INFO = YES;
				ONLY_ACTIVE_ARCH = YES;
				SDKROOT = iphoneos;
				SWIFT_ACTIVE_COMPILATION_CONDITIONS = DEBUG;
				SWIFT_OPTIMIZATION_LEVEL = "-Onone";
			};
			name = Debug;
		};
		2DDFFB441E65C4C00096AE10 /* Release */ = {
			isa = XCBuildConfiguration;
			buildSettings = {
				ALWAYS_SEARCH_USER_PATHS = NO;
				CLANG_ANALYZER_NONNULL = YES;
				CLANG_CXX_LANGUAGE_STANDARD = "gnu++0x";
				CLANG_CXX_LIBRARY = "libc++";
				CLANG_ENABLE_MODULES = YES;
				CLANG_ENABLE_OBJC_ARC = YES;
				CLANG_WARN_BOOL_CONVERSION = YES;
				CLANG_WARN_CONSTANT_CONVERSION = YES;
				CLANG_WARN_DIRECT_OBJC_ISA_USAGE = YES_ERROR;
				CLANG_WARN_DOCUMENTATION_COMMENTS = YES;
				CLANG_WARN_EMPTY_BODY = YES;
				CLANG_WARN_ENUM_CONVERSION = YES;
				CLANG_WARN_INFINITE_RECURSION = YES;
				CLANG_WARN_INT_CONVERSION = YES;
				CLANG_WARN_OBJC_ROOT_CLASS = YES_ERROR;
				CLANG_WARN_SUSPICIOUS_MOVE = YES;
				CLANG_WARN_UNREACHABLE_CODE = YES;
				CLANG_WARN__DUPLICATE_METHOD_MATCH = YES;
				"CODE_SIGN_IDENTITY[sdk=iphoneos*]" = "iPhone Developer";
				COPY_PHASE_STRIP = NO;
				DEBUG_INFORMATION_FORMAT = "dwarf-with-dsym";
				ENABLE_NS_ASSERTIONS = NO;
				ENABLE_STRICT_OBJC_MSGSEND = YES;
				GCC_C_LANGUAGE_STANDARD = gnu99;
				GCC_NO_COMMON_BLOCKS = YES;
				GCC_WARN_64_TO_32_BIT_CONVERSION = YES;
				GCC_WARN_ABOUT_RETURN_TYPE = YES_ERROR;
				GCC_WARN_UNDECLARED_SELECTOR = YES;
				GCC_WARN_UNINITIALIZED_AUTOS = YES_AGGRESSIVE;
				GCC_WARN_UNUSED_FUNCTION = YES;
				GCC_WARN_UNUSED_VARIABLE = YES;
				IPHONEOS_DEPLOYMENT_TARGET = 10.2;
				MTL_ENABLE_DEBUG_INFO = NO;
				SDKROOT = iphoneos;
				SWIFT_OPTIMIZATION_LEVEL = "-Owholemodule";
				VALIDATE_PRODUCT = YES;
			};
			name = Release;
		};
		2DDFFB461E65C4C00096AE10 /* Debug */ = {
			isa = XCBuildConfiguration;
			baseConfigurationReference = 927218F0783760D8F7276218 /* Pods-Example.debug.xcconfig */;
			buildSettings = {
				ASSETCATALOG_COMPILER_APPICON_NAME = AppIcon;
				DEVELOPMENT_TEAM = LQ449R4NTB;
				INFOPLIST_FILE = Example/Info.plist;
				LD_RUNPATH_SEARCH_PATHS = "$(inherited) @executable_path/Frameworks";
				PRODUCT_BUNDLE_IDENTIFIER = com.roberthein.Example;
				PRODUCT_NAME = "$(TARGET_NAME)";
				SWIFT_VERSION = 3.0;
			};
			name = Debug;
		};
		2DDFFB471E65C4C00096AE10 /* Release */ = {
			isa = XCBuildConfiguration;
			baseConfigurationReference = DE6B196DC8C710D813C1ADA3 /* Pods-Example.release.xcconfig */;
			buildSettings = {
				ASSETCATALOG_COMPILER_APPICON_NAME = AppIcon;
				DEVELOPMENT_TEAM = LQ449R4NTB;
				INFOPLIST_FILE = Example/Info.plist;
				LD_RUNPATH_SEARCH_PATHS = "$(inherited) @executable_path/Frameworks";
				PRODUCT_BUNDLE_IDENTIFIER = com.roberthein.Example;
				PRODUCT_NAME = "$(TARGET_NAME)";
				SWIFT_VERSION = 3.0;
			};
			name = Release;
		};
/* End XCBuildConfiguration section */

/* Begin XCConfigurationList section */
		2DDFFB2E1E65C4BF0096AE10 /* Build configuration list for PBXProject "Example" */ = {
			isa = XCConfigurationList;
			buildConfigurations = (
				2DDFFB431E65C4C00096AE10 /* Debug */,
				2DDFFB441E65C4C00096AE10 /* Release */,
			);
			defaultConfigurationIsVisible = 0;
			defaultConfigurationName = Release;
		};
		2DDFFB451E65C4C00096AE10 /* Build configuration list for PBXNativeTarget "Example" */ = {
			isa = XCConfigurationList;
			buildConfigurations = (
				2DDFFB461E65C4C00096AE10 /* Debug */,
				2DDFFB471E65C4C00096AE10 /* Release */,
			);
			defaultConfigurationIsVisible = 0;
			defaultConfigurationName = Release;
		};
/* End XCConfigurationList section */
	};
	rootObject = 2DDFFB2B1E65C4BF0096AE10 /* Project object */;
}
