// !$*UTF8*$!
{
	archiveVersion = 1;
	classes = {
	};
	objectVersion = 46;
	objects = {

/* Begin PBXBuildFile section */
		313F9D8EEFB312A7AF7F4633 /* Pods_ModalTransitionsExample.framework in Frameworks */ = {isa = PBXBuildFile; fileRef = 1F737EC8C406C7DE14DA6942 /* Pods_ModalTransitionsExample.framework */; };
		BA3912AB1E433FFA00F737D3 /* AppDelegate.swift in Sources */ = {isa = PBXBuildFile; fileRef = BA3912AA1E433FFA00F737D3 /* AppDelegate.swift */; };
		BA3912AD1E433FFA00F737D3 /* ShapeSourceViewController.swift in Sources */ = {isa = PBXBuildFile; fileRef = BA3912AC1E433FFA00F737D3 /* ShapeSourceViewController.swift */; };
		BA3912B01E433FFA00F737D3 /* Main.storyboard in Resources */ = {isa = PBXBuildFile; fileRef = BA3912AE1E433FFA00F737D3 /* Main.storyboard */; };
		BA3912B21E433FFA00F737D3 /* Assets.xcassets in Resources */ = {isa = PBXBuildFile; fileRef = BA3912B11E433FFA00F737D3 /* Assets.xcassets */; };
		BA3912B51E433FFA00F737D3 /* LaunchScreen.storyboard in Resources */ = {isa = PBXBuildFile; fileRef = BA3912B31E433FFA00F737D3 /* LaunchScreen.storyboard */; };
		BA3912BD1E43444E00F737D3 /* DropTargetViewController.swift in Sources */ = {isa = PBXBuildFile; fileRef = BA3912BC1E43444E00F737D3 /* DropTargetViewController.swift */; };
		BA3912C71E43450300F737D3 /* ShapeInteractionController.swift in Sources */ = {isa = PBXBuildFile; fileRef = BA3912C51E43450300F737D3 /* ShapeInteractionController.swift */; };
		BA3912CA1E434AD300F737D3 /* ShapeView.swift in Sources */ = {isa = PBXBuildFile; fileRef = BA3912C91E434AD300F737D3 /* ShapeView.swift */; };
		BA3912CC1E434DF900F737D3 /* DropTargetViewAnimation.swift in Sources */ = {isa = PBXBuildFile; fileRef = BA3912CB1E434DF900F737D3 /* DropTargetViewAnimation.swift */; };
		BA3912D31E4386A700F737D3 /* ShapeInteractionAnimation.swift in Sources */ = {isa = PBXBuildFile; fileRef = BA3912D21E4386A700F737D3 /* ShapeInteractionAnimation.swift */; };
		BA3912D51E43963200F737D3 /* Convenience.swift in Sources */ = {isa = PBXBuildFile; fileRef = BA3912D41E43963200F737D3 /* Convenience.swift */; };
		BA3912D71E48944400F737D3 /* ShapesModel.swift in Sources */ = {isa = PBXBuildFile; fileRef = BA3912D61E48944400F737D3 /* ShapesModel.swift */; };
		BA7592D01E5C953600B021BF /* TransitionStyle.swift in Sources */ = {isa = PBXBuildFile; fileRef = BA7592CF1E5C953600B021BF /* TransitionStyle.swift */; };
/* End PBXBuildFile section */

/* Begin PBXFileReference section */
		1F737EC8C406C7DE14DA6942 /* Pods_ModalTransitionsExample.framework */ = {isa = PBXFileReference; explicitFileType = wrapper.framework; includeInIndex = 0; path = Pods_ModalTransitionsExample.framework; sourceTree = BUILT_PRODUCTS_DIR; };
		764FABBDE9DD45BCE301383C /* Pods-ModalTransitionsExample.release.xcconfig */ = {isa = PBXFileReference; includeInIndex = 1; lastKnownFileType = text.xcconfig; name = "Pods-ModalTransitionsExample.release.xcconfig"; path = "Pods/Target Support Files/Pods-ModalTransitionsExample/Pods-ModalTransitionsExample.release.xcconfig"; sourceTree = "<group>"; };
		BA3912A71E433FFA00F737D3 /* ModalTransitionsExample.app */ = {isa = PBXFileReference; explicitFileType = wrapper.application; includeInIndex = 0; path = ModalTransitionsExample.app; sourceTree = BUILT_PRODUCTS_DIR; };
		BA3912AA1E433FFA00F737D3 /* AppDelegate.swift */ = {isa = PBXFileReference; lastKnownFileType = sourcecode.swift; path = AppDelegate.swift; sourceTree = "<group>"; };
		BA3912AC1E433FFA00F737D3 /* ShapeSourceViewController.swift */ = {isa = PBXFileReference; lastKnownFileType = sourcecode.swift; path = ShapeSourceViewController.swift; sourceTree = "<group>"; };
		BA3912AF1E433FFA00F737D3 /* Base */ = {isa = PBXFileReference; lastKnownFileType = file.storyboard; name = Base; path = Base.lproj/Main.storyboard; sourceTree = "<group>"; };
		BA3912B11E433FFA00F737D3 /* Assets.xcassets */ = {isa = PBXFileReference; lastKnownFileType = folder.assetcatalog; path = Assets.xcassets; sourceTree = "<group>"; };
		BA3912B41E433FFA00F737D3 /* Base */ = {isa = PBXFileReference; lastKnownFileType = file.storyboard; name = Base; path = Base.lproj/LaunchScreen.storyboard; sourceTree = "<group>"; };
		BA3912B61E433FFA00F737D3 /* Info.plist */ = {isa = PBXFileReference; lastKnownFileType = text.plist.xml; path = Info.plist; sourceTree = "<group>"; };
		BA3912BC1E43444E00F737D3 /* DropTargetViewController.swift */ = {isa = PBXFileReference; fileEncoding = 4; lastKnownFileType = sourcecode.swift; path = DropTargetViewController.swift; sourceTree = "<group>"; };
		BA3912C51E43450300F737D3 /* ShapeInteractionController.swift */ = {isa = PBXFileReference; fileEncoding = 4; lastKnownFileType = sourcecode.swift; path = ShapeInteractionController.swift; sourceTree = "<group>"; };
		BA3912C91E434AD300F737D3 /* ShapeView.swift */ = {isa = PBXFileReference; fileEncoding = 4; lastKnownFileType = sourcecode.swift; path = ShapeView.swift; sourceTree = "<group>"; };
		BA3912CB1E434DF900F737D3 /* DropTargetViewAnimation.swift */ = {isa = PBXFileReference; fileEncoding = 4; lastKnownFileType = sourcecode.swift; path = DropTargetViewAnimation.swift; sourceTree = "<group>"; };
		BA3912D21E4386A700F737D3 /* ShapeInteractionAnimation.swift */ = {isa = PBXFileReference; fileEncoding = 4; lastKnownFileType = sourcecode.swift; path = ShapeInteractionAnimation.swift; sourceTree = "<group>"; };
		BA3912D41E43963200F737D3 /* Convenience.swift */ = {isa = PBXFileReference; fileEncoding = 4; lastKnownFileType = sourcecode.swift; path = Convenience.swift; sourceTree = "<group>"; };
		BA3912D61E48944400F737D3 /* ShapesModel.swift */ = {isa = PBXFileReference; fileEncoding = 4; lastKnownFileType = sourcecode.swift; path = ShapesModel.swift; sourceTree = "<group>"; };
		BA741BE01E49D25A00BCEDF6 /* README.md */ = {isa = PBXFileReference; lastKnownFileType = net.daringfireball.markdown; path = README.md; sourceTree = "<group>"; };
		BA7592CF1E5C953600B021BF /* TransitionStyle.swift */ = {isa = PBXFileReference; fileEncoding = 4; lastKnownFileType = sourcecode.swift; path = TransitionStyle.swift; sourceTree = "<group>"; };
		D11A822E629075A4F083FC3B /* Pods-ModalTransitionsExample.debug.xcconfig */ = {isa = PBXFileReference; includeInIndex = 1; lastKnownFileType = text.xcconfig; name = "Pods-ModalTransitionsExample.debug.xcconfig"; path = "Pods/Target Support Files/Pods-ModalTransitionsExample/Pods-ModalTransitionsExample.debug.xcconfig"; sourceTree = "<group>"; };
/* End PBXFileReference section */

/* Begin PBXFrameworksBuildPhase section */
		BA3912A41E433FFA00F737D3 /* Frameworks */ = {
			isa = PBXFrameworksBuildPhase;
			buildActionMask = 2147483647;
			files = (
				313F9D8EEFB312A7AF7F4633 /* Pods_ModalTransitionsExample.framework in Frameworks */,
			);
			runOnlyForDeploymentPostprocessing = 0;
		};
/* End PBXFrameworksBuildPhase section */

/* Begin PBXGroup section */
		31E47155B176639077CF0E05 /* Pods */ = {
			isa = PBXGroup;
			children = (
				D11A822E629075A4F083FC3B /* Pods-ModalTransitionsExample.debug.xcconfig */,
				764FABBDE9DD45BCE301383C /* Pods-ModalTransitionsExample.release.xcconfig */,
			);
			name = Pods;
			sourceTree = "<group>";
		};
		BA39129E1E433FFA00F737D3 = {
			isa = PBXGroup;
			children = (
				BA741BE01E49D25A00BCEDF6 /* README.md */,
				BA3912A91E433FFA00F737D3 /* ModalTransitionsExample */,
				BA3912A81E433FFA00F737D3 /* Products */,
				31E47155B176639077CF0E05 /* Pods */,
				FBFBDC2E0D99F15F5B72EDA7 /* Frameworks */,
			);
			sourceTree = "<group>";
		};
		BA3912A81E433FFA00F737D3 /* Products */ = {
			isa = PBXGroup;
			children = (
				BA3912A71E433FFA00F737D3 /* ModalTransitionsExample.app */,
			);
			name = Products;
			sourceTree = "<group>";
		};
		BA3912A91E433FFA00F737D3 /* ModalTransitionsExample */ = {
			isa = PBXGroup;
			children = (
				BA3912AA1E433FFA00F737D3 /* AppDelegate.swift */,
				BA3912AC1E433FFA00F737D3 /* ShapeSourceViewController.swift */,
				BA3912BC1E43444E00F737D3 /* DropTargetViewController.swift */,
				BA3912C91E434AD300F737D3 /* ShapeView.swift */,
				BA3912D61E48944400F737D3 /* ShapesModel.swift */,
				BA7592CF1E5C953600B021BF /* TransitionStyle.swift */,
				BA3912C41E43450300F737D3 /* Transitioning */,
				BAE5767A1E5ED49D00E8ABC3 /* Resources */,
			);
			path = ModalTransitionsExample;
			sourceTree = "<group>";
		};
		BA3912C41E43450300F737D3 /* Transitioning */ = {
			isa = PBXGroup;
			children = (
				BA3912C51E43450300F737D3 /* ShapeInteractionController.swift */,
				BA3912C61E43450300F737D3 /* Transitions */,
				BA3912D41E43963200F737D3 /* Convenience.swift */,
			);
			path = Transitioning;
			sourceTree = "<group>";
		};
		BA3912C61E43450300F737D3 /* Transitions */ = {
			isa = PBXGroup;
			children = (
				BA3912CB1E434DF900F737D3 /* DropTargetViewAnimation.swift */,
				BA3912D21E4386A700F737D3 /* ShapeInteractionAnimation.swift */,
			);
			path = Transitions;
			sourceTree = "<group>";
		};
		BAE5767A1E5ED49D00E8ABC3 /* Resources */ = {
			isa = PBXGroup;
			children = (
				BA3912AE1E433FFA00F737D3 /* Main.storyboard */,
				BA3912B31E433FFA00F737D3 /* LaunchScreen.storyboard */,
				BA3912B11E433FFA00F737D3 /* Assets.xcassets */,
				BA3912B61E433FFA00F737D3 /* Info.plist */,
			);
			name = Resources;
			sourceTree = "<group>";
		};
		FBFBDC2E0D99F15F5B72EDA7 /* Frameworks */ = {
			isa = PBXGroup;
			children = (
				1F737EC8C406C7DE14DA6942 /* Pods_ModalTransitionsExample.framework */,
			);
			name = Frameworks;
			sourceTree = "<group>";
		};
/* End PBXGroup section */

/* Begin PBXNativeTarget section */
		BA3912A61E433FFA00F737D3 /* ModalTransitionsExample */ = {
			isa = PBXNativeTarget;
			buildConfigurationList = BA3912B91E433FFA00F737D3 /* Build configuration list for PBXNativeTarget "ModalTransitionsExample" */;
			buildPhases = (
				BA78C3469CFA6A804D802A99 /* [CP] Check Pods Manifest.lock */,
				BA3912A31E433FFA00F737D3 /* Sources */,
				BA3912A41E433FFA00F737D3 /* Frameworks */,
				BA3912A51E433FFA00F737D3 /* Resources */,
				F432B646874A7F8013D3FD93 /* [CP] Embed Pods Frameworks */,
				1EE0702DEBCAED891E7F6A3D /* [CP] Copy Pods Resources */,
			);
			buildRules = (
			);
			dependencies = (
			);
			name = ModalTransitionsExample;
			productName = ModalTransitionsExample;
			productReference = BA3912A71E433FFA00F737D3 /* ModalTransitionsExample.app */;
			productType = "com.apple.product-type.application";
		};
/* End PBXNativeTarget section */

/* Begin PBXProject section */
		BA39129F1E433FFA00F737D3 /* Project object */ = {
			isa = PBXProject;
			attributes = {
				LastSwiftUpdateCheck = 0820;
				LastUpgradeCheck = 0820;
				ORGANIZATIONNAME = Touchwonders;
				TargetAttributes = {
					BA3912A61E433FFA00F737D3 = {
						CreatedOnToolsVersion = 8.2.1;
						DevelopmentTeam = LQ449R4NTB;
						LastSwiftMigration = 0900;
						ProvisioningStyle = Automatic;
					};
				};
			};
			buildConfigurationList = BA3912A21E433FFA00F737D3 /* Build configuration list for PBXProject "ModalTransitionsExample" */;
			compatibilityVersion = "Xcode 3.2";
			developmentRegion = English;
			hasScannedForEncodings = 0;
			knownRegions = (
				en,
				Base,
			);
			mainGroup = BA39129E1E433FFA00F737D3;
			productRefGroup = BA3912A81E433FFA00F737D3 /* Products */;
			projectDirPath = "";
			projectRoot = "";
			targets = (
				BA3912A61E433FFA00F737D3 /* ModalTransitionsExample */,
			);
		};
/* End PBXProject section */

/* Begin PBXResourcesBuildPhase section */
		BA3912A51E433FFA00F737D3 /* Resources */ = {
			isa = PBXResourcesBuildPhase;
			buildActionMask = 2147483647;
			files = (
				BA3912B51E433FFA00F737D3 /* LaunchScreen.storyboard in Resources */,
				BA3912B21E433FFA00F737D3 /* Assets.xcassets in Resources */,
				BA3912B01E433FFA00F737D3 /* Main.storyboard in Resources */,
			);
			runOnlyForDeploymentPostprocessing = 0;
		};
/* End PBXResourcesBuildPhase section */

/* Begin PBXShellScriptBuildPhase section */
		1EE0702DEBCAED891E7F6A3D /* [CP] Copy Pods Resources */ = {
			isa = PBXShellScriptBuildPhase;
			buildActionMask = 2147483647;
			files = (
			);
			inputPaths = (
			);
			name = "[CP] Copy Pods Resources";
			outputPaths = (
			);
			runOnlyForDeploymentPostprocessing = 0;
			shellPath = /bin/sh;
			shellScript = "\"${SRCROOT}/Pods/Target Support Files/Pods-ModalTransitionsExample/Pods-ModalTransitionsExample-resources.sh\"\n";
			showEnvVarsInLog = 0;
		};
		BA78C3469CFA6A804D802A99 /* [CP] Check Pods Manifest.lock */ = {
			isa = PBXShellScriptBuildPhase;
			buildActionMask = 2147483647;
			files = (
			);
			inputPaths = (
				"${PODS_PODFILE_DIR_PATH}/Podfile.lock",
				"${PODS_ROOT}/Manifest.lock",
			);
			name = "[CP] Check Pods Manifest.lock";
			outputPaths = (
				"$(DERIVED_FILE_DIR)/Pods-ModalTransitionsExample-checkManifestLockResult.txt",
			);
			runOnlyForDeploymentPostprocessing = 0;
			shellPath = /bin/sh;
			shellScript = "diff \"${PODS_PODFILE_DIR_PATH}/Podfile.lock\" \"${PODS_ROOT}/Manifest.lock\" > /dev/null\nif [ $? != 0 ] ; then\n    # print error to STDERR\n    echo \"error: The sandbox is not in sync with the Podfile.lock. Run 'pod install' or update your CocoaPods installation.\" >&2\n    exit 1\nfi\n# This output is used by Xcode 'outputs' to avoid re-running this script phase.\necho \"SUCCESS\" > \"${SCRIPT_OUTPUT_FILE_0}\"\n";
			showEnvVarsInLog = 0;
		};
		F432B646874A7F8013D3FD93 /* [CP] Embed Pods Frameworks */ = {
			isa = PBXShellScriptBuildPhase;
			buildActionMask = 2147483647;
			files = (
			);
			inputPaths = (
				"${SRCROOT}/Pods/Target Support Files/Pods-ModalTransitionsExample/Pods-ModalTransitionsExample-frameworks.sh",
				"${BUILT_PRODUCTS_DIR}/Transition/Transition.framework",
			);
			name = "[CP] Embed Pods Frameworks";
			outputPaths = (
				"${TARGET_BUILD_DIR}/${FRAMEWORKS_FOLDER_PATH}/Transition.framework",
			);
			runOnlyForDeploymentPostprocessing = 0;
			shellPath = /bin/sh;
			shellScript = "\"${SRCROOT}/Pods/Target Support Files/Pods-ModalTransitionsExample/Pods-ModalTransitionsExample-frameworks.sh\"\n";
			showEnvVarsInLog = 0;
		};
/* End PBXShellScriptBuildPhase section */

/* Begin PBXSourcesBuildPhase section */
		BA3912A31E433FFA00F737D3 /* Sources */ = {
			isa = PBXSourcesBuildPhase;
			buildActionMask = 2147483647;
			files = (
				BA3912C71E43450300F737D3 /* ShapeInteractionController.swift in Sources */,
				BA3912AD1E433FFA00F737D3 /* ShapeSourceViewController.swift in Sources */,
				BA3912AB1E433FFA00F737D3 /* AppDelegate.swift in Sources */,
				BA3912BD1E43444E00F737D3 /* DropTargetViewController.swift in Sources */,
				BA3912D71E48944400F737D3 /* ShapesModel.swift in Sources */,
				BA3912D31E4386A700F737D3 /* ShapeInteractionAnimation.swift in Sources */,
				BA3912CC1E434DF900F737D3 /* DropTargetViewAnimation.swift in Sources */,
				BA7592D01E5C953600B021BF /* TransitionStyle.swift in Sources */,
				BA3912D51E43963200F737D3 /* Convenience.swift in Sources */,
				BA3912CA1E434AD300F737D3 /* ShapeView.swift in Sources */,
			);
			runOnlyForDeploymentPostprocessing = 0;
		};
/* End PBXSourcesBuildPhase section */

/* Begin PBXVariantGroup section */
		BA3912AE1E433FFA00F737D3 /* Main.storyboard */ = {
			isa = PBXVariantGroup;
			children = (
				BA3912AF1E433FFA00F737D3 /* Base */,
			);
			name = Main.storyboard;
			sourceTree = "<group>";
		};
		BA3912B31E433FFA00F737D3 /* LaunchScreen.storyboard */ = {
			isa = PBXVariantGroup;
			children = (
				BA3912B41E433FFA00F737D3 /* Base */,
			);
			name = LaunchScreen.storyboard;
			sourceTree = "<group>";
		};
/* End PBXVariantGroup section */

/* Begin XCBuildConfiguration section */
		BA3912B71E433FFA00F737D3 /* Debug */ = {
			isa = XCBuildConfiguration;
			buildSettings = {
				ALWAYS_SEARCH_USER_PATHS = NO;
				CLANG_ANALYZER_NONNULL = YES;
				CLANG_CXX_LANGUAGE_STANDARD = "gnu++0x";
				CLANG_CXX_LIBRARY = "libc++";
				CLANG_ENABLE_MODULES = YES;
				CLANG_ENABLE_OBJC_ARC = YES;
				CLANG_WARN_BOOL_CONVERSION = YES;
				CLANG_WARN_CONSTANT_CONVERSION = YES;
				CLANG_WARN_DIRECT_OBJC_ISA_USAGE = YES_ERROR;
				CLANG_WARN_DOCUMENTATION_COMMENTS = YES;
				CLANG_WARN_EMPTY_BODY = YES;
				CLANG_WARN_ENUM_CONVERSION = YES;
				CLANG_WARN_INFINITE_RECURSION = YES;
				CLANG_WARN_INT_CONVERSION = YES;
				CLANG_WARN_OBJC_ROOT_CLASS = YES_ERROR;
				CLANG_WARN_SUSPICIOUS_MOVE = YES;
				CLANG_WARN_UNREACHABLE_CODE = YES;
				CLANG_WARN__DUPLICATE_METHOD_MATCH = YES;
				COPY_PHASE_STRIP = NO;
				DEBUG_INFORMATION_FORMAT = dwarf;
				ENABLE_STRICT_OBJC_MSGSEND = YES;
				ENABLE_TESTABILITY = YES;
				GCC_C_LANGUAGE_STANDARD = gnu99;
				GCC_DYNAMIC_NO_PIC = NO;
				GCC_NO_COMMON_BLOCKS = YES;
				GCC_OPTIMIZATION_LEVEL = 0;
				GCC_PREPROCESSOR_DEFINITIONS = (
					"DEBUG=1",
					"$(inherited)",
				);
				GCC_WARN_64_TO_32_BIT_CONVERSION = YES;
				GCC_WARN_ABOUT_RETURN_TYPE = YES_ERROR;
				GCC_WARN_UNDECLARED_SELECTOR = YES;
				GCC_WARN_UNINITIALIZED_AUTOS = YES_AGGRESSIVE;
				GCC_WARN_UNUSED_FUNCTION = YES;
				GCC_WARN_UNUSED_VARIABLE = YES;
				IPHONEOS_DEPLOYMENT_TARGET = 10.2;
				MTL_ENABLE_DEBUG_INFO = YES;
				ONLY_ACTIVE_ARCH = YES;
				SDKROOT = iphoneos;
				SWIFT_ACTIVE_COMPILATION_CONDITIONS = DEBUG;
				SWIFT_OPTIMIZATION_LEVEL = "-Onone";
				TARGETED_DEVICE_FAMILY = "1,2";
			};
			name = Debug;
		};
		BA3912B81E433FFA00F737D3 /* Release */ = {
			isa = XCBuildConfiguration;
			buildSettings = {
				ALWAYS_SEARCH_USER_PATHS = NO;
				CLANG_ANALYZER_NONNULL = YES;
				CLANG_CXX_LANGUAGE_STANDARD = "gnu++0x";
				CLANG_CXX_LIBRARY = "libc++";
				CLANG_ENABLE_MODULES = YES;
				CLANG_ENABLE_OBJC_ARC = YES;
				CLANG_WARN_BOOL_CONVERSION = YES;
				CLANG_WARN_CONSTANT_CONVERSION = YES;
				CLANG_WARN_DIRECT_OBJC_ISA_USAGE = YES_ERROR;
				CLANG_WARN_DOCUMENTATION_COMMENTS = YES;
				CLANG_WARN_EMPTY_BODY = YES;
				CLANG_WARN_ENUM_CONVERSION = YES;
				CLANG_WARN_INFINITE_RECURSION = YES;
				CLANG_WARN_INT_CONVERSION = YES;
				CLANG_WARN_OBJC_ROOT_CLASS = YES_ERROR;
				CLANG_WARN_SUSPICIOUS_MOVE = YES;
				CLANG_WARN_UNREACHABLE_CODE = YES;
				CLANG_WARN__DUPLICATE_METHOD_MATCH = YES;
				COPY_PHASE_STRIP = NO;
				DEBUG_INFORMATION_FORMAT = "dwarf-with-dsym";
				ENABLE_NS_ASSERTIONS = NO;
				ENABLE_STRICT_OBJC_MSGSEND = YES;
				GCC_C_LANGUAGE_STANDARD = gnu99;
				GCC_NO_COMMON_BLOCKS = YES;
				GCC_WARN_64_TO_32_BIT_CONVERSION = YES;
				GCC_WARN_ABOUT_RETURN_TYPE = YES_ERROR;
				GCC_WARN_UNDECLARED_SELECTOR = YES;
				GCC_WARN_UNINITIALIZED_AUTOS = YES_AGGRESSIVE;
				GCC_WARN_UNUSED_FUNCTION = YES;
				GCC_WARN_UNUSED_VARIABLE = YES;
				IPHONEOS_DEPLOYMENT_TARGET = 10.2;
				MTL_ENABLE_DEBUG_INFO = NO;
				SDKROOT = iphoneos;
				SWIFT_OPTIMIZATION_LEVEL = "-Owholemodule";
				TARGETED_DEVICE_FAMILY = "1,2";
				VALIDATE_PRODUCT = YES;
			};
			name = Release;
		};
		BA3912BA1E433FFA00F737D3 /* Debug */ = {
			isa = XCBuildConfiguration;
			baseConfigurationReference = D11A822E629075A4F083FC3B /* Pods-ModalTransitionsExample.debug.xcconfig */;
			buildSettings = {
				ALWAYS_EMBED_SWIFT_STANDARD_LIBRARIES = "$(inherited)";
				ASSETCATALOG_COMPILER_APPICON_NAME = AppIcon;
				INFOPLIST_FILE = ModalTransitionsExample/Info.plist;
				LD_RUNPATH_SEARCH_PATHS = "$(inherited) @executable_path/Frameworks";
				PRODUCT_BUNDLE_IDENTIFIER = com.touchwonders.ModalTransitionsExample;
				PRODUCT_NAME = "$(TARGET_NAME)";
				SWIFT_SWIFT3_OBJC_INFERENCE = On;
				SWIFT_VERSION = 4.0;
			};
			name = Debug;
		};
		BA3912BB1E433FFA00F737D3 /* Release */ = {
			isa = XCBuildConfiguration;
			baseConfigurationReference = 764FABBDE9DD45BCE301383C /* Pods-ModalTransitionsExample.release.xcconfig */;
			buildSettings = {
				ALWAYS_EMBED_SWIFT_STANDARD_LIBRARIES = "$(inherited)";
				ASSETCATALOG_COMPILER_APPICON_NAME = AppIcon;
				INFOPLIST_FILE = ModalTransitionsExample/Info.plist;
				LD_RUNPATH_SEARCH_PATHS = "$(inherited) @executable_path/Frameworks";
				PRODUCT_BUNDLE_IDENTIFIER = com.touchwonders.ModalTransitionsExample;
				PRODUCT_NAME = "$(TARGET_NAME)";
				SWIFT_SWIFT3_OBJC_INFERENCE = On;
				SWIFT_VERSION = 4.0;
			};
			name = Release;
		};
/* End XCBuildConfiguration section */

/* Begin XCConfigurationList section */
		BA3912A21E433FFA00F737D3 /* Build configuration list for PBXProject "ModalTransitionsExample" */ = {
			isa = XCConfigurationList;
			buildConfigurations = (
				BA3912B71E433FFA00F737D3 /* Debug */,
				BA3912B81E433FFA00F737D3 /* Release */,
			);
			defaultConfigurationIsVisible = 0;
			defaultConfigurationName = Release;
		};
		BA3912B91E433FFA00F737D3 /* Build configuration list for PBXNativeTarget "ModalTransitionsExample" */ = {
			isa = XCConfigurationList;
			buildConfigurations = (
				BA3912BA1E433FFA00F737D3 /* Debug */,
				BA3912BB1E433FFA00F737D3 /* Release */,
			);
			defaultConfigurationIsVisible = 0;
			defaultConfigurationName = Release;
		};
/* End XCConfigurationList section */
	};
	rootObject = BA39129F1E433FFA00F737D3 /* Project object */;
}
