// !$*UTF8*$!
{
	archiveVersion = 1;
	classes = {
	};
	objectVersion = 46;
	objects = {

/* Begin PBXBuildFile section */
		BADFF2A11E64709D00200C6F /* SimpleAnimation.swift in Sources */ = {isa = PBXBuildFile; fileRef = BADFF2A01E64709D00200C6F /* SimpleAnimation.swift */; };
		BADFF2A31E6470D700200C6F /* ViewController.swift in Sources */ = {isa = PBXBuildFile; fileRef = BADFF2A21E6470D700200C6F /* ViewController.swift */; };
		BADFF2A51E64A0E100200C6F /* MyNavigationTransitions.swift in Sources */ = {isa = PBXBuildFile; fileRef = BADFF2A41E64A0E100200C6F /* MyNavigationTransitions.swift */; };
		BAE576751E5ED26200E8ABC3 /* Images.xcassets in Resources */ = {isa = PBXBuildFile; fileRef = BAE576741E5ED26200E8ABC3 /* Images.xcassets */; };
		BAFAF4F21E5204F50033E542 /* AppDelegate.swift in Sources */ = {isa = PBXBuildFile; fileRef = BAFAF4F11E5204F50033E542 /* AppDelegate.swift */; };
		BAFAF4F71E5205000033E542 /* LaunchScreen.storyboard in Resources */ = {isa = PBXBuildFile; fileRef = BAFAF4F31E5205000033E542 /* LaunchScreen.storyboard */; };
		BAFAF4F81E5205000033E542 /* Main.storyboard in Resources */ = {isa = PBXBuildFile; fileRef = BAFAF4F51E5205000033E542 /* Main.storyboard */; };
/* End PBXBuildFile section */

/* Begin PBXFileReference section */
		BADFF2A01E64709D00200C6F /* SimpleAnimation.swift */ = {isa = PBXFileReference; fileEncoding = 4; lastKnownFileType = sourcecode.swift; path = SimpleAnimation.swift; sourceTree = "<group>"; };
		BADFF2A21E6470D700200C6F /* ViewController.swift */ = {isa = PBXFileReference; fileEncoding = 4; lastKnownFileType = sourcecode.swift; path = ViewController.swift; sourceTree = "<group>"; };
		BADFF2A41E64A0E100200C6F /* MyNavigationTransitions.swift */ = {isa = PBXFileReference; fileEncoding = 4; lastKnownFileType = sourcecode.swift; path = MyNavigationTransitions.swift; sourceTree = "<group>"; };
		BAE576741E5ED26200E8ABC3 /* Images.xcassets */ = {isa = PBXFileReference; lastKnownFileType = folder.assetcatalog; path = Images.xcassets; sourceTree = "<group>"; };
		BAFAF4DC1E5204C60033E542 /* SimpleExample.app */ = {isa = PBXFileReference; explicitFileType = wrapper.application; includeInIndex = 0; path = SimpleExample.app; sourceTree = BUILT_PRODUCTS_DIR; };
		BAFAF4EB1E5204C60033E542 /* Info.plist */ = {isa = PBXFileReference; lastKnownFileType = text.plist.xml; path = Info.plist; sourceTree = "<group>"; };
		BAFAF4F11E5204F50033E542 /* AppDelegate.swift */ = {isa = PBXFileReference; fileEncoding = 4; lastKnownFileType = sourcecode.swift; path = AppDelegate.swift; sourceTree = "<group>"; };
		BAFAF4F41E5205000033E542 /* Base */ = {isa = PBXFileReference; lastKnownFileType = file.storyboard; name = Base; path = Base.lproj/LaunchScreen.storyboard; sourceTree = "<group>"; };
		BAFAF4F61E5205000033E542 /* Base */ = {isa = PBXFileReference; lastKnownFileType = file.storyboard; name = Base; path = Base.lproj/Main.storyboard; sourceTree = "<group>"; };
/* End PBXFileReference section */

/* Begin PBXFrameworksBuildPhase section */
		BAFAF4D91E5204C60033E542 /* Frameworks */ = {
			isa = PBXFrameworksBuildPhase;
			buildActionMask = 2147483647;
			files = (
			);
			runOnlyForDeploymentPostprocessing = 0;
		};
/* End PBXFrameworksBuildPhase section */

/* Begin PBXGroup section */
		BAE576791E5ED49500E8ABC3 /* Resources */ = {
			isa = PBXGroup;
			children = (
				BAFAF4F31E5205000033E542 /* LaunchScreen.storyboard */,
				BAFAF4F51E5205000033E542 /* Main.storyboard */,
				BAFAF4EB1E5204C60033E542 /* Info.plist */,
				BAE576741E5ED26200E8ABC3 /* Images.xcassets */,
			);
			name = Resources;
			sourceTree = "<group>";
		};
		BAFAF4D31E5204C60033E542 = {
			isa = PBXGroup;
			children = (
				BAFAF4DE1E5204C60033E542 /* SimpleExample */,
				BAFAF4DD1E5204C60033E542 /* Products */,
			);
			sourceTree = "<group>";
		};
		BAFAF4DD1E5204C60033E542 /* Products */ = {
			isa = PBXGroup;
			children = (
				BAFAF4DC1E5204C60033E542 /* SimpleExample.app */,
			);
			name = Products;
			sourceTree = "<group>";
		};
		BAFAF4DE1E5204C60033E542 /* SimpleExample */ = {
			isa = PBXGroup;
			children = (
				BAFAF4F11E5204F50033E542 /* AppDelegate.swift */,
				BADFF2A21E6470D700200C6F /* ViewController.swift */,
				BADFF2A01E64709D00200C6F /* SimpleAnimation.swift */,
				BADFF2A41E64A0E100200C6F /* MyNavigationTransitions.swift */,
				BAE576791E5ED49500E8ABC3 /* Resources */,
			);
			path = SimpleExample;
			sourceTree = "<group>";
		};
/* End PBXGroup section */

/* Begin PBXNativeTarget section */
		BAFAF4DB1E5204C60033E542 /* SimpleExample */ = {
			isa = PBXNativeTarget;
			buildConfigurationList = BAFAF4EE1E5204C60033E542 /* Build configuration list for PBXNativeTarget "SimpleExample" */;
			buildPhases = (
				BAFAF4D81E5204C60033E542 /* Sources */,
				BAFAF4D91E5204C60033E542 /* Frameworks */,
				BAFAF4DA1E5204C60033E542 /* Resources */,
			);
			buildRules = (
			);
			dependencies = (
			);
			name = SimpleExample;
			productName = SimpleExample;
			productReference = BAFAF4DC1E5204C60033E542 /* SimpleExample.app */;
			productType = "com.apple.product-type.application";
		};
/* End PBXNativeTarget section */

/* Begin PBXProject section */
		BAFAF4D41E5204C60033E542 /* Project object */ = {
			isa = PBXProject;
			attributes = {
				LastSwiftUpdateCheck = 0820;
				LastUpgradeCheck = 0820;
				ORGANIZATIONNAME = Touchwonders;
				TargetAttributes = {
					BAFAF4DB1E5204C60033E542 = {
						CreatedOnToolsVersion = 8.2.1;
						DevelopmentTeam = LQ449R4NTB;
						LastSwiftMigration = 0820;
						ProvisioningStyle = Automatic;
					};
				};
			};
			buildConfigurationList = BAFAF4D71E5204C60033E542 /* Build configuration list for PBXProject "SimpleExample" */;
			compatibilityVersion = "Xcode 3.2";
			developmentRegion = English;
			hasScannedForEncodings = 0;
			knownRegions = (
				en,
				Base,
			);
			mainGroup = BAFAF4D31E5204C60033E542;
			productRefGroup = BAFAF4DD1E5204C60033E542 /* Products */;
			projectDirPath = "";
			projectRoot = "";
			targets = (
				BAFAF4DB1E5204C60033E542 /* SimpleExample */,
			);
		};
/* End PBXProject section */

/* Begin PBXResourcesBuildPhase section */
		BAFAF4DA1E5204C60033E542 /* Resources */ = {
			isa = PBXResourcesBuildPhase;
			buildActionMask = 2147483647;
			files = (
				BAE576751E5ED26200E8ABC3 /* Images.xcassets in Resources */,
				BAFAF4F71E5205000033E542 /* LaunchScreen.storyboard in Resources */,
				BAFAF4F81E5205000033E542 /* Main.storyboard in Resources */,
			);
			runOnlyForDeploymentPostprocessing = 0;
		};
/* End PBXResourcesBuildPhase section */

/* Begin PBXSourcesBuildPhase section */
		BAFAF4D81E5204C60033E542 /* Sources */ = {
			isa = PBXSourcesBuildPhase;
			buildActionMask = 2147483647;
			files = (
				BADFF2A51E64A0E100200C6F /* MyNavigationTransitions.swift in Sources */,
				BADFF2A31E6470D700200C6F /* ViewController.swift in Sources */,
				BADFF2A11E64709D00200C6F /* SimpleAnimation.swift in Sources */,
				BAFAF4F21E5204F50033E542 /* AppDelegate.swift in Sources */,
			);
			runOnlyForDeploymentPostprocessing = 0;
		};
/* End PBXSourcesBuildPhase section */

/* Begin PBXVariantGroup section */
		BAFAF4F31E5205000033E542 /* LaunchScreen.storyboard */ = {
			isa = PBXVariantGroup;
			children = (
				BAFAF4F41E5205000033E542 /* Base */,
			);
			name = LaunchScreen.storyboard;
			sourceTree = "<group>";
		};
		BAFAF4F51E5205000033E542 /* Main.storyboard */ = {
			isa = PBXVariantGroup;
			children = (
				BAFAF4F61E5205000033E542 /* Base */,
			);
			name = Main.storyboard;
			sourceTree = "<group>";
		};
/* End PBXVariantGroup section */

/* Begin XCBuildConfiguration section */
		BAFAF4EC1E5204C60033E542 /* Debug */ = {
			isa = XCBuildConfiguration;
			buildSettings = {
				ALWAYS_SEARCH_USER_PATHS = NO;
				CLANG_ANALYZER_NONNULL = YES;
				CLANG_CXX_LANGUAGE_STANDARD = "gnu++0x";
				CLANG_CXX_LIBRARY = "libc++";
				CLANG_ENABLE_MODULES = YES;
				CLANG_ENABLE_OBJC_ARC = YES;
				CLANG_WARN_BOOL_CONVERSION = YES;
				CLANG_WARN_CONSTANT_CONVERSION = YES;
				CLANG_WARN_DIRECT_OBJC_ISA_USAGE = YES_ERROR;
				CLANG_WARN_DOCUMENTATION_COMMENTS = YES;
				CLANG_WARN_EMPTY_BODY = YES;
				CLANG_WARN_ENUM_CONVERSION = YES;
				CLANG_WARN_INFINITE_RECURSION = YES;
				CLANG_WARN_INT_CONVERSION = YES;
				CLANG_WARN_OBJC_ROOT_CLASS = YES_ERROR;
				CLANG_WARN_SUSPICIOUS_MOVE = YES;
				CLANG_WARN_UNREACHABLE_CODE = YES;
				CLANG_WARN__DUPLICATE_METHOD_MATCH = YES;
				"CODE_SIGN_IDENTITY[sdk=iphoneos*]" = "iPhone Developer";
				COPY_PHASE_STRIP = NO;
				DEBUG_INFORMATION_FORMAT = dwarf;
				ENABLE_STRICT_OBJC_MSGSEND = YES;
				ENABLE_TESTABILITY = YES;
				GCC_C_LANGUAGE_STANDARD = gnu99;
				GCC_DYNAMIC_NO_PIC = NO;
				GCC_NO_COMMON_BLOCKS = YES;
				GCC_OPTIMIZATION_LEVEL = 0;
				GCC_PREPROCESSOR_DEFINITIONS = (
					"DEBUG=1",
					"$(inherited)",
				);
				GCC_WARN_64_TO_32_BIT_CONVERSION = YES;
				GCC_WARN_ABOUT_RETURN_TYPE = YES_ERROR;
				GCC_WARN_UNDECLARED_SELECTOR = YES;
				GCC_WARN_UNINITIALIZED_AUTOS = YES_AGGRESSIVE;
				GCC_WARN_UNUSED_FUNCTION = YES;
				GCC_WARN_UNUSED_VARIABLE = YES;
				IPHONEOS_DEPLOYMENT_TARGET = 10.2;
				MTL_ENABLE_DEBUG_INFO = YES;
				ONLY_ACTIVE_ARCH = YES;
				SDKROOT = iphoneos;
				SWIFT_ACTIVE_COMPILATION_CONDITIONS = DEBUG;
				SWIFT_OPTIMIZATION_LEVEL = "-Onone";
				TARGETED_DEVICE_FAMILY = "1,2";
			};
			name = Debug;
		};
		BAFAF4ED1E5204C60033E542 /* Release */ = {
			isa = XCBuildConfiguration;
			buildSettings = {
				ALWAYS_SEARCH_USER_PATHS = NO;
				CLANG_ANALYZER_NONNULL = YES;
				CLANG_CXX_LANGUAGE_STANDARD = "gnu++0x";
				CLANG_CXX_LIBRARY = "libc++";
				CLANG_ENABLE_MODULES = YES;
				CLANG_ENABLE_OBJC_ARC = YES;
				CLANG_WARN_BOOL_CONVERSION = YES;
				CLANG_WARN_CONSTANT_CONVERSION = YES;
				CLANG_WARN_DIRECT_OBJC_ISA_USAGE = YES_ERROR;
				CLANG_WARN_DOCUMENTATION_COMMENTS = YES;
				CLANG_WARN_EMPTY_BODY = YES;
				CLANG_WARN_ENUM_CONVERSION = YES;
				CLANG_WARN_INFINITE_RECURSION = YES;
				CLANG_WARN_INT_CONVERSION = YES;
				CLANG_WARN_OBJC_ROOT_CLASS = YES_ERROR;
				CLANG_WARN_SUSPICIOUS_MOVE = YES;
				CLANG_WARN_UNREACHABLE_CODE = YES;
				CLANG_WARN__DUPLICATE_METHOD_MATCH = YES;
				"CODE_SIGN_IDENTITY[sdk=iphoneos*]" = "iPhone Developer";
				COPY_PHASE_STRIP = NO;
				DEBUG_INFORMATION_FORMAT = "dwarf-with-dsym";
				ENABLE_NS_ASSERTIONS = NO;
				ENABLE_STRICT_OBJC_MSGSEND = YES;
				GCC_C_LANGUAGE_STANDARD = gnu99;
				GCC_NO_COMMON_BLOCKS = YES;
				GCC_WARN_64_TO_32_BIT_CONVERSION = YES;
				GCC_WARN_ABOUT_RETURN_TYPE = YES_ERROR;
				GCC_WARN_UNDECLARED_SELECTOR = YES;
				GCC_WARN_UNINITIALIZED_AUTOS = YES_AGGRESSIVE;
				GCC_WARN_UNUSED_FUNCTION = YES;
				GCC_WARN_UNUSED_VARIABLE = YES;
				IPHONEOS_DEPLOYMENT_TARGET = 10.2;
				MTL_ENABLE_DEBUG_INFO = NO;
				SDKROOT = iphoneos;
				SWIFT_OPTIMIZATION_LEVEL = "-Owholemodule";
				TARGETED_DEVICE_FAMILY = "1,2";
				VALIDATE_PRODUCT = YES;
			};
			name = Release;
		};
		BAFAF4EF1E5204C60033E542 /* Debug */ = {
			isa = XCBuildConfiguration;
			buildSettings = {
				ASSETCATALOG_COMPILER_APPICON_NAME = AppIcon;
				CLANG_ENABLE_MODULES = YES;
				DEVELOPMENT_TEAM = LQ449R4NTB;
				INFOPLIST_FILE = SimpleExample/Info.plist;
				LD_RUNPATH_SEARCH_PATHS = "$(inherited) @executable_path/Frameworks";
				PRODUCT_BUNDLE_IDENTIFIER = com.touchwonders.SimpleExample;
				PRODUCT_NAME = "$(TARGET_NAME)";
				SWIFT_OPTIMIZATION_LEVEL = "-Onone";
				SWIFT_VERSION = 3.0;
			};
			name = Debug;
		};
		BAFAF4F01E5204C60033E542 /* Release */ = {
			isa = XCBuildConfiguration;
			buildSettings = {
				ASSETCATALOG_COMPILER_APPICON_NAME = AppIcon;
				CLANG_ENABLE_MODULES = YES;
				DEVELOPMENT_TEAM = LQ449R4NTB;
				INFOPLIST_FILE = SimpleExample/Info.plist;
				LD_RUNPATH_SEARCH_PATHS = "$(inherited) @executable_path/Frameworks";
				PRODUCT_BUNDLE_IDENTIFIER = com.touchwonders.SimpleExample;
				PRODUCT_NAME = "$(TARGET_NAME)";
				SWIFT_VERSION = 3.0;
			};
			name = Release;
		};
/* End XCBuildConfiguration section */

/* Begin XCConfigurationList section */
		BAFAF4D71E5204C60033E542 /* Build configuration list for PBXProject "SimpleExample" */ = {
			isa = XCConfigurationList;
			buildConfigurations = (
				BAFAF4EC1E5204C60033E542 /* Debug */,
				BAFAF4ED1E5204C60033E542 /* Release */,
			);
			defaultConfigurationIsVisible = 0;
			defaultConfigurationName = Release;
		};
		BAFAF4EE1E5204C60033E542 /* Build configuration list for PBXNativeTarget "SimpleExample" */ = {
			isa = XCConfigurationList;
			buildConfigurations = (
				BAFAF4EF1E5204C60033E542 /* Debug */,
				BAFAF4F01E5204C60033E542 /* Release */,
			);
			defaultConfigurationIsVisible = 0;
			defaultConfigurationName = Release;
		};
/* End XCConfigurationList section */
	};
	rootObject = BAFAF4D41E5204C60033E542 /* Project object */;
}
